// !$*UTF8*$!
{
	archiveVersion = 1;
	classes = {
	};
	objectVersion = 56;
	objects = {

/* Begin PBXBuildFile section */
		8316301229D993F200B3322E /* SplashModel.swift in Sources */ = {isa = PBXBuildFile; fileRef = 8316301129D993F200B3322E /* SplashModel.swift */; };
		8316301429D993FB00B3322E /* SplashViewModel.swift in Sources */ = {isa = PBXBuildFile; fileRef = 8316301329D993FB00B3322E /* SplashViewModel.swift */; };
		832AB22229D9806000904AA3 /* SessionResult.swift in Sources */ = {isa = PBXBuildFile; fileRef = 832AB22129D9806000904AA3 /* SessionResult.swift */; };
		832AB22629D991BD00904AA3 /* CSignInButton.swift in Sources */ = {isa = PBXBuildFile; fileRef = 832AB22529D991BD00904AA3 /* CSignInButton.swift */; };
		834DD25629C6F51A00CD59EB /* HNetwork.swift in Sources */ = {isa = PBXBuildFile; fileRef = 834DD25529C6F51A00CD59EB /* HNetwork.swift */; };
		834DD25A29C6FAA500CD59EB /* HApiREST.swift in Sources */ = {isa = PBXBuildFile; fileRef = 834DD25929C6FAA500CD59EB /* HApiREST.swift */; };
		8368FFD329D423DA007DBCDF /* TraineeListView.swift in Sources */ = {isa = PBXBuildFile; fileRef = 8368FFD229D423DA007DBCDF /* TraineeListView.swift */; };
		8368FFD529D423E6007DBCDF /* TraineeListModel.swift in Sources */ = {isa = PBXBuildFile; fileRef = 8368FFD429D423E6007DBCDF /* TraineeListModel.swift */; };
		8368FFD729D423F3007DBCDF /* TraineeListViewModel.swift in Sources */ = {isa = PBXBuildFile; fileRef = 8368FFD629D423F3007DBCDF /* TraineeListViewModel.swift */; };
		8368FFD929D42418007DBCDF /* CTraineeCard.swift in Sources */ = {isa = PBXBuildFile; fileRef = 8368FFD829D42418007DBCDF /* CTraineeCard.swift */; };
		8368FFDB29D428F3007DBCDF /* CSearchBar.swift in Sources */ = {isa = PBXBuildFile; fileRef = 8368FFDA29D428F3007DBCDF /* CSearchBar.swift */; };
		8368FFDD29D42FDF007DBCDF /* TraineeView.swift in Sources */ = {isa = PBXBuildFile; fileRef = 8368FFDC29D42FDF007DBCDF /* TraineeView.swift */; };
		8368FFDF29D42FF3007DBCDF /* TraineeModel.swift in Sources */ = {isa = PBXBuildFile; fileRef = 8368FFDE29D42FF3007DBCDF /* TraineeModel.swift */; };
		8368FFE129D43000007DBCDF /* TraineeViewModel.swift in Sources */ = {isa = PBXBuildFile; fileRef = 8368FFE029D43000007DBCDF /* TraineeViewModel.swift */; };
		8368FFE429D59412007DBCDF /* CDashboardView.swift in Sources */ = {isa = PBXBuildFile; fileRef = 8368FFE329D59412007DBCDF /* CDashboardView.swift */; };
		8368FFE629D5A6BD007DBCDF /* HNavigation.swift in Sources */ = {isa = PBXBuildFile; fileRef = 8368FFE529D5A6BD007DBCDF /* HNavigation.swift */; };
		8369322D29E5E594007994D6 /* CalendarView.swift in Sources */ = {isa = PBXBuildFile; fileRef = 8369322C29E5E594007994D6 /* CalendarView.swift */; };
		8369322F29E5E63E007994D6 /* CalendarViewModel.swift in Sources */ = {isa = PBXBuildFile; fileRef = 8369322E29E5E63E007994D6 /* CalendarViewModel.swift */; };
		8369323129E5E64B007994D6 /* CalendarModel.swift in Sources */ = {isa = PBXBuildFile; fileRef = 8369323029E5E64B007994D6 /* CalendarModel.swift */; };
		8369323329E5E7B1007994D6 /* CalendarStatus.swift in Sources */ = {isa = PBXBuildFile; fileRef = 8369323229E5E7B1007994D6 /* CalendarStatus.swift */; };
		8369323829E6B9A5007994D6 /* CCalendarView.swift in Sources */ = {isa = PBXBuildFile; fileRef = 8369323729E6B9A5007994D6 /* CCalendarView.swift */; };
		8369323A29E6B9AF007994D6 /* CCalendarViewModel.swift in Sources */ = {isa = PBXBuildFile; fileRef = 8369323929E6B9AF007994D6 /* CCalendarViewModel.swift */; };
		8369323E29E6BD1F007994D6 /* SelectedDateKey.swift in Sources */ = {isa = PBXBuildFile; fileRef = 8369323D29E6BD1F007994D6 /* SelectedDateKey.swift */; };
		83A4223529E5AF4000D4DE8F /* CompletionStatus.swift in Sources */ = {isa = PBXBuildFile; fileRef = 83A4223429E5AF4000D4DE8F /* CompletionStatus.swift */; };
		83A4223A29E5B1F400D4DE8F /* TrainingView.swift in Sources */ = {isa = PBXBuildFile; fileRef = 83A4223929E5B1F400D4DE8F /* TrainingView.swift */; };
		83A4223C29E5B33000D4DE8F /* CTabControl.swift in Sources */ = {isa = PBXBuildFile; fileRef = 83A4223B29E5B33000D4DE8F /* CTabControl.swift */; };
		83C6FC5029C455EF00B0026C /* MColor.swift in Sources */ = {isa = PBXBuildFile; fileRef = 83C6FC4F29C455EF00B0026C /* MColor.swift */; };
		83C6FC5229C45B5B00B0026C /* MView.swift in Sources */ = {isa = PBXBuildFile; fileRef = 83C6FC5129C45B5B00B0026C /* MView.swift */; };
		83D31B7B29C70DED00B47F8C /* HHealth.swift in Sources */ = {isa = PBXBuildFile; fileRef = 83D31B7A29C70DED00B47F8C /* HHealth.swift */; };
		83D31B7D29C70DFC00B47F8C /* TDate.swift in Sources */ = {isa = PBXBuildFile; fileRef = 83D31B7C29C70DFC00B47F8C /* TDate.swift */; };
		83D31B7F29C70E9F00B47F8C /* TQr.swift in Sources */ = {isa = PBXBuildFile; fileRef = 83D31B7E29C70E9F00B47F8C /* TQr.swift */; };
		83D31B8129C8366700B47F8C /* TUserDefault.swift in Sources */ = {isa = PBXBuildFile; fileRef = 83D31B8029C8366700B47F8C /* TUserDefault.swift */; };
		83DCE18129C846FF0007E73D /* SplashView.swift in Sources */ = {isa = PBXBuildFile; fileRef = 83DCE18029C846FF0007E73D /* SplashView.swift */; };
		83DCE18629C847DB0007E73D /* CTextField.swift in Sources */ = {isa = PBXBuildFile; fileRef = 83DCE18529C847DB0007E73D /* CTextField.swift */; };
		83DCE18829C84CDD0007E73D /* AssessmentView.swift in Sources */ = {isa = PBXBuildFile; fileRef = 83DCE18729C84CDD0007E73D /* AssessmentView.swift */; };
		83DCE18B29C850CC0007E73D /* CCheckBox.swift in Sources */ = {isa = PBXBuildFile; fileRef = 83DCE18A29C850CC0007E73D /* CCheckBox.swift */; };
		83DCE19029C85AB80007E73D /* MButton.swift in Sources */ = {isa = PBXBuildFile; fileRef = 83DCE18F29C85AB80007E73D /* MButton.swift */; };
		83DCE19229C867F70007E73D /* AssessmentModel.swift in Sources */ = {isa = PBXBuildFile; fileRef = 83DCE19129C867F70007E73D /* AssessmentModel.swift */; };
		83DCE19429C868060007E73D /* AssessmentViewModel.swift in Sources */ = {isa = PBXBuildFile; fileRef = 83DCE19329C868060007E73D /* AssessmentViewModel.swift */; };
		83DCE19729C8684F0007E73D /* HealthPermissionView.swift in Sources */ = {isa = PBXBuildFile; fileRef = 83DCE19629C8684F0007E73D /* HealthPermissionView.swift */; };
		83DCE19929C8685C0007E73D /* HealthPermissionModel.swift in Sources */ = {isa = PBXBuildFile; fileRef = 83DCE19829C8685C0007E73D /* HealthPermissionModel.swift */; };
		83DCE19B29C8686C0007E73D /* HealthPermissionViewModel.swift in Sources */ = {isa = PBXBuildFile; fileRef = 83DCE19A29C8686C0007E73D /* HealthPermissionViewModel.swift */; };
		83DCE19E29CC98290007E73D /* SummaryView.swift in Sources */ = {isa = PBXBuildFile; fileRef = 83DCE19D29CC98290007E73D /* SummaryView.swift */; };
		83DCE1A029CC98360007E73D /* SummaryViewModel.swift in Sources */ = {isa = PBXBuildFile; fileRef = 83DCE19F29CC98360007E73D /* SummaryViewModel.swift */; };
		83DCE1A229CC98410007E73D /* SummaryModel.swift in Sources */ = {isa = PBXBuildFile; fileRef = 83DCE1A129CC98410007E73D /* SummaryModel.swift */; };
		83DCE1A529CC98D90007E73D /* CSegmented.swift in Sources */ = {isa = PBXBuildFile; fileRef = 83DCE1A429CC98D90007E73D /* CSegmented.swift */; };
		83DCE1A929CC9F850007E73D /* CSummaryCard.swift in Sources */ = {isa = PBXBuildFile; fileRef = 83DCE1A829CC9F850007E73D /* CSummaryCard.swift */; };
		83DCE1AB29CCA6C30007E73D /* CDivider.swift in Sources */ = {isa = PBXBuildFile; fileRef = 83DCE1AA29CCA6C30007E73D /* CDivider.swift */; };
		83DCE1AF29CCBE6F0007E73D /* CActivityCard.swift in Sources */ = {isa = PBXBuildFile; fileRef = 83DCE1AE29CCBE6F0007E73D /* CActivityCard.swift */; };
		83DCE1B229CCC4360007E73D /* PlanView.swift in Sources */ = {isa = PBXBuildFile; fileRef = 83DCE1B129CCC4360007E73D /* PlanView.swift */; };
		83DCE1B429CCC4440007E73D /* PlanViewModel.swift in Sources */ = {isa = PBXBuildFile; fileRef = 83DCE1B329CCC4440007E73D /* PlanViewModel.swift */; };
		83DCE1B629CCC4510007E73D /* PlanModel.swift in Sources */ = {isa = PBXBuildFile; fileRef = 83DCE1B529CCC4510007E73D /* PlanModel.swift */; };
		83DCE1B829CCC94D0007E73D /* CSessionCard.swift in Sources */ = {isa = PBXBuildFile; fileRef = 83DCE1B729CCC94D0007E73D /* CSessionCard.swift */; };
		83DCE1C029CDAEA50007E73D /* SessionDetailView.swift in Sources */ = {isa = PBXBuildFile; fileRef = 83DCE1BF29CDAEA50007E73D /* SessionDetailView.swift */; };
		83DCE1C229CDAEB30007E73D /* SessionDetailModel.swift in Sources */ = {isa = PBXBuildFile; fileRef = 83DCE1C129CDAEB30007E73D /* SessionDetailModel.swift */; };
		83DCE1C429CDAEBC0007E73D /* SessionDetailViewModel.swift in Sources */ = {isa = PBXBuildFile; fileRef = 83DCE1C329CDAEBC0007E73D /* SessionDetailViewModel.swift */; };
		83DCE1C729CDB6650007E73D /* CSessionTitle.swift in Sources */ = {isa = PBXBuildFile; fileRef = 83DCE1C629CDB6650007E73D /* CSessionTitle.swift */; };
		83DCE1C929CDB6720007E73D /* CSessionGoal.swift in Sources */ = {isa = PBXBuildFile; fileRef = 83DCE1C829CDB6720007E73D /* CSessionGoal.swift */; };
		83DCE1CB29CDB6810007E73D /* CSessionFeedback.swift in Sources */ = {isa = PBXBuildFile; fileRef = 83DCE1CA29CDB6810007E73D /* CSessionFeedback.swift */; };
		83DCE1CD29CDB68C0007E73D /* CSessionResult.swift in Sources */ = {isa = PBXBuildFile; fileRef = 83DCE1CC29CDB68C0007E73D /* CSessionResult.swift */; };
		83DCE1D029D03CAC0007E73D /* ProfileView.swift in Sources */ = {isa = PBXBuildFile; fileRef = 83DCE1CF29D03CAC0007E73D /* ProfileView.swift */; };
		83DCE1D229D03CC90007E73D /* ProfileViewModel.swift in Sources */ = {isa = PBXBuildFile; fileRef = 83DCE1D129D03CC90007E73D /* ProfileViewModel.swift */; };
		83DCE1D429D03CD30007E73D /* ProfileModel.swift in Sources */ = {isa = PBXBuildFile; fileRef = 83DCE1D329D03CD30007E73D /* ProfileModel.swift */; };
		83DCE1D729D03D4E0007E73D /* CProfileBiodata.swift in Sources */ = {isa = PBXBuildFile; fileRef = 83DCE1D629D03D4E0007E73D /* CProfileBiodata.swift */; };
		83DCE1D929D043500007E73D /* CProfileCoach.swift in Sources */ = {isa = PBXBuildFile; fileRef = 83DCE1D829D043500007E73D /* CProfileCoach.swift */; };
		83DCE1DB29D0450D0007E73D /* CProfileReminder.swift in Sources */ = {isa = PBXBuildFile; fileRef = 83DCE1DA29D0450D0007E73D /* CProfileReminder.swift */; };
		83DCE1DF29D048AA0007E73D /* QRPopUp.swift in Sources */ = {isa = PBXBuildFile; fileRef = 83DCE1DE29D048AA0007E73D /* QRPopUp.swift */; };
		83DCE1E329D055250007E73D /* EditBiodataPopUp.swift in Sources */ = {isa = PBXBuildFile; fileRef = 83DCE1E229D055250007E73D /* EditBiodataPopUp.swift */; };
		83DCE1E629D0631F0007E73D /* ScanQRPopUp.swift in Sources */ = {isa = PBXBuildFile; fileRef = 83DCE1E529D0631F0007E73D /* ScanQRPopUp.swift */; };
		83EA9FEE29C8459D000B7A02 /* HealthTemplate.swift in Sources */ = {isa = PBXBuildFile; fileRef = 83EA9FED29C8459D000B7A02 /* HealthTemplate.swift */; };
		83F2C81929C30187004E3270 /* CoRunApp.swift in Sources */ = {isa = PBXBuildFile; fileRef = 83F2C81829C30187004E3270 /* CoRunApp.swift */; };
		83F2C81B29C30187004E3270 /* ContentView.swift in Sources */ = {isa = PBXBuildFile; fileRef = 83F2C81A29C30187004E3270 /* ContentView.swift */; };
		83F2C81D29C30190004E3270 /* Assets.xcassets in Resources */ = {isa = PBXBuildFile; fileRef = 83F2C81C29C30190004E3270 /* Assets.xcassets */; };
		83F2C82029C30190004E3270 /* Preview Assets.xcassets in Resources */ = {isa = PBXBuildFile; fileRef = 83F2C81F29C30190004E3270 /* Preview Assets.xcassets */; };
		83F2C82229C30190004E3270 /* Persistence.swift in Sources */ = {isa = PBXBuildFile; fileRef = 83F2C82129C30190004E3270 /* Persistence.swift */; };
		83F2C82529C30190004E3270 /* CoRun.xcdatamodeld in Sources */ = {isa = PBXBuildFile; fileRef = 83F2C82329C30190004E3270 /* CoRun.xcdatamodeld */; };
		83F2C82F29C30191004E3270 /* CoRunTests.swift in Sources */ = {isa = PBXBuildFile; fileRef = 83F2C82E29C30191004E3270 /* CoRunTests.swift */; };
		83F2C83929C30191004E3270 /* CoRunUITests.swift in Sources */ = {isa = PBXBuildFile; fileRef = 83F2C83829C30191004E3270 /* CoRunUITests.swift */; };
		83F2C83B29C30191004E3270 /* CoRunUITestsLaunchTests.swift in Sources */ = {isa = PBXBuildFile; fileRef = 83F2C83A29C30191004E3270 /* CoRunUITestsLaunchTests.swift */; };
		83F2C85329C328A7004E3270 /* MFont.swift in Sources */ = {isa = PBXBuildFile; fileRef = 83F2C85229C328A7004E3270 /* MFont.swift */; };
		83F2C8C729C44FD6004E3270 /* SF-Pro-Display-LightItalic.otf in Resources */ = {isa = PBXBuildFile; fileRef = 83F2C88929C44AC0004E3270 /* SF-Pro-Display-LightItalic.otf */; };
		83F2C8C829C44FD6004E3270 /* SF-Pro-Display-Bold.otf in Resources */ = {isa = PBXBuildFile; fileRef = 83F2C87F29C44ABE004E3270 /* SF-Pro-Display-Bold.otf */; };
		83F2C8C929C44FD6004E3270 /* SF-Pro-Display-Light.otf in Resources */ = {isa = PBXBuildFile; fileRef = 83F2C86729C44ABA004E3270 /* SF-Pro-Display-Light.otf */; };
		83F2C8CA29C44FD6004E3270 /* SF-Pro-Display-RegularItalic.otf in Resources */ = {isa = PBXBuildFile; fileRef = 83F2C88629C44AC0004E3270 /* SF-Pro-Display-RegularItalic.otf */; };
		83F2C8CB29C44FD6004E3270 /* SF-Pro-Display-Black.otf in Resources */ = {isa = PBXBuildFile; fileRef = 83F2C88329C44ABF004E3270 /* SF-Pro-Display-Black.otf */; };
		83F2C8CC29C44FD6004E3270 /* SF-Pro-Display-BoldItalic.otf in Resources */ = {isa = PBXBuildFile; fileRef = 83F2C86E29C44ABB004E3270 /* SF-Pro-Display-BoldItalic.otf */; };
		83F2C8CD29C44FD6004E3270 /* SF-Pro-Display-Medium.otf in Resources */ = {isa = PBXBuildFile; fileRef = 83F2C88429C44ABF004E3270 /* SF-Pro-Display-Medium.otf */; };
		83F2C8CE29C44FD6004E3270 /* SF-Pro-Display-MediumItalic.otf in Resources */ = {isa = PBXBuildFile; fileRef = 83F2C88229C44ABF004E3270 /* SF-Pro-Display-MediumItalic.otf */; };
		83F2C8CF29C44FD6004E3270 /* SF-Pro-Display-Regular.otf in Resources */ = {isa = PBXBuildFile; fileRef = 83F2C86F29C44ABC004E3270 /* SF-Pro-Display-Regular.otf */; };
		83F2C8D029C44FD6004E3270 /* SF-Pro-Display-Semibold.otf in Resources */ = {isa = PBXBuildFile; fileRef = 83F2C87529C44ABD004E3270 /* SF-Pro-Display-Semibold.otf */; };
		83F2C8D129C44FD6004E3270 /* SF-Pro-Display-SemiboldItalic.otf in Resources */ = {isa = PBXBuildFile; fileRef = 83F2C87229C44ABC004E3270 /* SF-Pro-Display-SemiboldItalic.otf */; };
		83F2C8D229C44FD6004E3270 /* SF-Pro-Display-Thin.otf in Resources */ = {isa = PBXBuildFile; fileRef = 83F2C88129C44ABF004E3270 /* SF-Pro-Display-Thin.otf */; };
		83F2C8D329C44FD6004E3270 /* SF-Pro-Display-BlackItalic.otf in Resources */ = {isa = PBXBuildFile; fileRef = 83F2C87A29C44ABE004E3270 /* SF-Pro-Display-BlackItalic.otf */; };
		83F2C8D429C44FD6004E3270 /* SF-Pro-Display-Ultralight.otf in Resources */ = {isa = PBXBuildFile; fileRef = 83F2C88829C44AC0004E3270 /* SF-Pro-Display-Ultralight.otf */; };
		83F2C8D529C44FD6004E3270 /* SF-Pro-Display-ThinItalic.otf in Resources */ = {isa = PBXBuildFile; fileRef = 83F2C87629C44ABD004E3270 /* SF-Pro-Display-ThinItalic.otf */; };
		83F2C8D629C44FD6004E3270 /* SF-Pro-Display-Heavy.otf in Resources */ = {isa = PBXBuildFile; fileRef = 83F2C88F29C44AC1004E3270 /* SF-Pro-Display-Heavy.otf */; };
		83F2C8D729C44FD6004E3270 /* SF-Pro-Display-UltralightItalic.otf in Resources */ = {isa = PBXBuildFile; fileRef = 83F2C88729C44AC0004E3270 /* SF-Pro-Display-UltralightItalic.otf */; };
		83F2C8D829C44FD6004E3270 /* SF-Pro-Display-HeavyItalic.otf in Resources */ = {isa = PBXBuildFile; fileRef = 83F2C88029C44ABF004E3270 /* SF-Pro-Display-HeavyItalic.otf */; };
/* End PBXBuildFile section */

/* Begin PBXContainerItemProxy section */
		83F2C82B29C30191004E3270 /* PBXContainerItemProxy */ = {
			isa = PBXContainerItemProxy;
			containerPortal = 83F2C80D29C30187004E3270 /* Project object */;
			proxyType = 1;
			remoteGlobalIDString = 83F2C81429C30187004E3270;
			remoteInfo = CoRun;
		};
		83F2C83529C30191004E3270 /* PBXContainerItemProxy */ = {
			isa = PBXContainerItemProxy;
			containerPortal = 83F2C80D29C30187004E3270 /* Project object */;
			proxyType = 1;
			remoteGlobalIDString = 83F2C81429C30187004E3270;
			remoteInfo = CoRun;
		};
/* End PBXContainerItemProxy section */

/* Begin PBXFileReference section */
		8316301129D993F200B3322E /* SplashModel.swift */ = {isa = PBXFileReference; lastKnownFileType = sourcecode.swift; path = SplashModel.swift; sourceTree = "<group>"; };
		8316301329D993FB00B3322E /* SplashViewModel.swift */ = {isa = PBXFileReference; lastKnownFileType = sourcecode.swift; path = SplashViewModel.swift; sourceTree = "<group>"; };
		832AB22129D9806000904AA3 /* SessionResult.swift */ = {isa = PBXFileReference; lastKnownFileType = sourcecode.swift; path = SessionResult.swift; sourceTree = "<group>"; };
		832AB22529D991BD00904AA3 /* CSignInButton.swift */ = {isa = PBXFileReference; lastKnownFileType = sourcecode.swift; path = CSignInButton.swift; sourceTree = "<group>"; };
		834DD25529C6F51A00CD59EB /* HNetwork.swift */ = {isa = PBXFileReference; lastKnownFileType = sourcecode.swift; path = HNetwork.swift; sourceTree = "<group>"; };
		834DD25929C6FAA500CD59EB /* HApiREST.swift */ = {isa = PBXFileReference; lastKnownFileType = sourcecode.swift; path = HApiREST.swift; sourceTree = "<group>"; };
		8368FFD229D423DA007DBCDF /* TraineeListView.swift */ = {isa = PBXFileReference; lastKnownFileType = sourcecode.swift; path = TraineeListView.swift; sourceTree = "<group>"; };
		8368FFD429D423E6007DBCDF /* TraineeListModel.swift */ = {isa = PBXFileReference; lastKnownFileType = sourcecode.swift; path = TraineeListModel.swift; sourceTree = "<group>"; };
		8368FFD629D423F3007DBCDF /* TraineeListViewModel.swift */ = {isa = PBXFileReference; lastKnownFileType = sourcecode.swift; path = TraineeListViewModel.swift; sourceTree = "<group>"; };
		8368FFD829D42418007DBCDF /* CTraineeCard.swift */ = {isa = PBXFileReference; lastKnownFileType = sourcecode.swift; path = CTraineeCard.swift; sourceTree = "<group>"; };
		8368FFDA29D428F3007DBCDF /* CSearchBar.swift */ = {isa = PBXFileReference; lastKnownFileType = sourcecode.swift; path = CSearchBar.swift; sourceTree = "<group>"; };
		8368FFDC29D42FDF007DBCDF /* TraineeView.swift */ = {isa = PBXFileReference; lastKnownFileType = sourcecode.swift; path = TraineeView.swift; sourceTree = "<group>"; };
		8368FFDE29D42FF3007DBCDF /* TraineeModel.swift */ = {isa = PBXFileReference; lastKnownFileType = sourcecode.swift; path = TraineeModel.swift; sourceTree = "<group>"; };
		8368FFE029D43000007DBCDF /* TraineeViewModel.swift */ = {isa = PBXFileReference; lastKnownFileType = sourcecode.swift; path = TraineeViewModel.swift; sourceTree = "<group>"; };
		8368FFE329D59412007DBCDF /* CDashboardView.swift */ = {isa = PBXFileReference; lastKnownFileType = sourcecode.swift; path = CDashboardView.swift; sourceTree = "<group>"; };
		8368FFE529D5A6BD007DBCDF /* HNavigation.swift */ = {isa = PBXFileReference; lastKnownFileType = sourcecode.swift; path = HNavigation.swift; sourceTree = "<group>"; };
		8369322C29E5E594007994D6 /* CalendarView.swift */ = {isa = PBXFileReference; lastKnownFileType = sourcecode.swift; path = CalendarView.swift; sourceTree = "<group>"; };
		8369322E29E5E63E007994D6 /* CalendarViewModel.swift */ = {isa = PBXFileReference; lastKnownFileType = sourcecode.swift; path = CalendarViewModel.swift; sourceTree = "<group>"; };
		8369323029E5E64B007994D6 /* CalendarModel.swift */ = {isa = PBXFileReference; lastKnownFileType = sourcecode.swift; path = CalendarModel.swift; sourceTree = "<group>"; };
		8369323229E5E7B1007994D6 /* CalendarStatus.swift */ = {isa = PBXFileReference; lastKnownFileType = sourcecode.swift; path = CalendarStatus.swift; sourceTree = "<group>"; };
		8369323729E6B9A5007994D6 /* CCalendarView.swift */ = {isa = PBXFileReference; lastKnownFileType = sourcecode.swift; path = CCalendarView.swift; sourceTree = "<group>"; };
		8369323929E6B9AF007994D6 /* CCalendarViewModel.swift */ = {isa = PBXFileReference; lastKnownFileType = sourcecode.swift; path = CCalendarViewModel.swift; sourceTree = "<group>"; };
		8369323D29E6BD1F007994D6 /* SelectedDateKey.swift */ = {isa = PBXFileReference; lastKnownFileType = sourcecode.swift; path = SelectedDateKey.swift; sourceTree = "<group>"; };
		83A4223429E5AF4000D4DE8F /* CompletionStatus.swift */ = {isa = PBXFileReference; lastKnownFileType = sourcecode.swift; path = CompletionStatus.swift; sourceTree = "<group>"; };
		83A4223929E5B1F400D4DE8F /* TrainingView.swift */ = {isa = PBXFileReference; lastKnownFileType = sourcecode.swift; path = TrainingView.swift; sourceTree = "<group>"; };
		83A4223B29E5B33000D4DE8F /* CTabControl.swift */ = {isa = PBXFileReference; lastKnownFileType = sourcecode.swift; path = CTabControl.swift; sourceTree = "<group>"; };
		83C6FC4F29C455EF00B0026C /* MColor.swift */ = {isa = PBXFileReference; lastKnownFileType = sourcecode.swift; path = MColor.swift; sourceTree = "<group>"; };
		83C6FC5129C45B5B00B0026C /* MView.swift */ = {isa = PBXFileReference; lastKnownFileType = sourcecode.swift; path = MView.swift; sourceTree = "<group>"; };
		83D31B7A29C70DED00B47F8C /* HHealth.swift */ = {isa = PBXFileReference; lastKnownFileType = sourcecode.swift; path = HHealth.swift; sourceTree = "<group>"; };
		83D31B7C29C70DFC00B47F8C /* TDate.swift */ = {isa = PBXFileReference; lastKnownFileType = sourcecode.swift; path = TDate.swift; sourceTree = "<group>"; };
		83D31B7E29C70E9F00B47F8C /* TQr.swift */ = {isa = PBXFileReference; lastKnownFileType = sourcecode.swift; path = TQr.swift; sourceTree = "<group>"; };
		83D31B8029C8366700B47F8C /* TUserDefault.swift */ = {isa = PBXFileReference; lastKnownFileType = sourcecode.swift; path = TUserDefault.swift; sourceTree = "<group>"; };
		83DCE18029C846FF0007E73D /* SplashView.swift */ = {isa = PBXFileReference; lastKnownFileType = sourcecode.swift; path = SplashView.swift; sourceTree = "<group>"; };
		83DCE18529C847DB0007E73D /* CTextField.swift */ = {isa = PBXFileReference; lastKnownFileType = sourcecode.swift; path = CTextField.swift; sourceTree = "<group>"; };
		83DCE18729C84CDD0007E73D /* AssessmentView.swift */ = {isa = PBXFileReference; lastKnownFileType = sourcecode.swift; path = AssessmentView.swift; sourceTree = "<group>"; };
		83DCE18A29C850CC0007E73D /* CCheckBox.swift */ = {isa = PBXFileReference; lastKnownFileType = sourcecode.swift; path = CCheckBox.swift; sourceTree = "<group>"; };
		83DCE18F29C85AB80007E73D /* MButton.swift */ = {isa = PBXFileReference; lastKnownFileType = sourcecode.swift; path = MButton.swift; sourceTree = "<group>"; };
		83DCE19129C867F70007E73D /* AssessmentModel.swift */ = {isa = PBXFileReference; lastKnownFileType = sourcecode.swift; path = AssessmentModel.swift; sourceTree = "<group>"; };
		83DCE19329C868060007E73D /* AssessmentViewModel.swift */ = {isa = PBXFileReference; lastKnownFileType = sourcecode.swift; path = AssessmentViewModel.swift; sourceTree = "<group>"; };
		83DCE19629C8684F0007E73D /* HealthPermissionView.swift */ = {isa = PBXFileReference; lastKnownFileType = sourcecode.swift; path = HealthPermissionView.swift; sourceTree = "<group>"; };
		83DCE19829C8685C0007E73D /* HealthPermissionModel.swift */ = {isa = PBXFileReference; lastKnownFileType = sourcecode.swift; path = HealthPermissionModel.swift; sourceTree = "<group>"; };
		83DCE19A29C8686C0007E73D /* HealthPermissionViewModel.swift */ = {isa = PBXFileReference; lastKnownFileType = sourcecode.swift; path = HealthPermissionViewModel.swift; sourceTree = "<group>"; };
		83DCE19D29CC98290007E73D /* SummaryView.swift */ = {isa = PBXFileReference; lastKnownFileType = sourcecode.swift; path = SummaryView.swift; sourceTree = "<group>"; };
		83DCE19F29CC98360007E73D /* SummaryViewModel.swift */ = {isa = PBXFileReference; lastKnownFileType = sourcecode.swift; path = SummaryViewModel.swift; sourceTree = "<group>"; };
		83DCE1A129CC98410007E73D /* SummaryModel.swift */ = {isa = PBXFileReference; lastKnownFileType = sourcecode.swift; path = SummaryModel.swift; sourceTree = "<group>"; };
		83DCE1A429CC98D90007E73D /* CSegmented.swift */ = {isa = PBXFileReference; lastKnownFileType = sourcecode.swift; path = CSegmented.swift; sourceTree = "<group>"; };
		83DCE1A829CC9F850007E73D /* CSummaryCard.swift */ = {isa = PBXFileReference; lastKnownFileType = sourcecode.swift; path = CSummaryCard.swift; sourceTree = "<group>"; };
		83DCE1AA29CCA6C30007E73D /* CDivider.swift */ = {isa = PBXFileReference; lastKnownFileType = sourcecode.swift; path = CDivider.swift; sourceTree = "<group>"; };
		83DCE1AE29CCBE6F0007E73D /* CActivityCard.swift */ = {isa = PBXFileReference; lastKnownFileType = sourcecode.swift; path = CActivityCard.swift; sourceTree = "<group>"; };
		83DCE1B129CCC4360007E73D /* PlanView.swift */ = {isa = PBXFileReference; lastKnownFileType = sourcecode.swift; path = PlanView.swift; sourceTree = "<group>"; };
		83DCE1B329CCC4440007E73D /* PlanViewModel.swift */ = {isa = PBXFileReference; lastKnownFileType = sourcecode.swift; path = PlanViewModel.swift; sourceTree = "<group>"; };
		83DCE1B529CCC4510007E73D /* PlanModel.swift */ = {isa = PBXFileReference; lastKnownFileType = sourcecode.swift; path = PlanModel.swift; sourceTree = "<group>"; };
		83DCE1B729CCC94D0007E73D /* CSessionCard.swift */ = {isa = PBXFileReference; lastKnownFileType = sourcecode.swift; path = CSessionCard.swift; sourceTree = "<group>"; };
		83DCE1BF29CDAEA50007E73D /* SessionDetailView.swift */ = {isa = PBXFileReference; lastKnownFileType = sourcecode.swift; path = SessionDetailView.swift; sourceTree = "<group>"; };
		83DCE1C129CDAEB30007E73D /* SessionDetailModel.swift */ = {isa = PBXFileReference; lastKnownFileType = sourcecode.swift; path = SessionDetailModel.swift; sourceTree = "<group>"; };
		83DCE1C329CDAEBC0007E73D /* SessionDetailViewModel.swift */ = {isa = PBXFileReference; lastKnownFileType = sourcecode.swift; path = SessionDetailViewModel.swift; sourceTree = "<group>"; };
		83DCE1C629CDB6650007E73D /* CSessionTitle.swift */ = {isa = PBXFileReference; lastKnownFileType = sourcecode.swift; path = CSessionTitle.swift; sourceTree = "<group>"; };
		83DCE1C829CDB6720007E73D /* CSessionGoal.swift */ = {isa = PBXFileReference; lastKnownFileType = sourcecode.swift; path = CSessionGoal.swift; sourceTree = "<group>"; };
		83DCE1CA29CDB6810007E73D /* CSessionFeedback.swift */ = {isa = PBXFileReference; lastKnownFileType = sourcecode.swift; path = CSessionFeedback.swift; sourceTree = "<group>"; };
		83DCE1CC29CDB68C0007E73D /* CSessionResult.swift */ = {isa = PBXFileReference; lastKnownFileType = sourcecode.swift; path = CSessionResult.swift; sourceTree = "<group>"; };
		83DCE1CF29D03CAC0007E73D /* ProfileView.swift */ = {isa = PBXFileReference; lastKnownFileType = sourcecode.swift; path = ProfileView.swift; sourceTree = "<group>"; };
		83DCE1D129D03CC90007E73D /* ProfileViewModel.swift */ = {isa = PBXFileReference; lastKnownFileType = sourcecode.swift; path = ProfileViewModel.swift; sourceTree = "<group>"; };
		83DCE1D329D03CD30007E73D /* ProfileModel.swift */ = {isa = PBXFileReference; lastKnownFileType = sourcecode.swift; path = ProfileModel.swift; sourceTree = "<group>"; };
		83DCE1D629D03D4E0007E73D /* CProfileBiodata.swift */ = {isa = PBXFileReference; lastKnownFileType = sourcecode.swift; path = CProfileBiodata.swift; sourceTree = "<group>"; };
		83DCE1D829D043500007E73D /* CProfileCoach.swift */ = {isa = PBXFileReference; lastKnownFileType = sourcecode.swift; path = CProfileCoach.swift; sourceTree = "<group>"; };
		83DCE1DA29D0450D0007E73D /* CProfileReminder.swift */ = {isa = PBXFileReference; lastKnownFileType = sourcecode.swift; path = CProfileReminder.swift; sourceTree = "<group>"; };
		83DCE1DE29D048AA0007E73D /* QRPopUp.swift */ = {isa = PBXFileReference; lastKnownFileType = sourcecode.swift; path = QRPopUp.swift; sourceTree = "<group>"; };
		83DCE1E229D055250007E73D /* EditBiodataPopUp.swift */ = {isa = PBXFileReference; lastKnownFileType = sourcecode.swift; path = EditBiodataPopUp.swift; sourceTree = "<group>"; };
		83DCE1E529D0631F0007E73D /* ScanQRPopUp.swift */ = {isa = PBXFileReference; lastKnownFileType = sourcecode.swift; path = ScanQRPopUp.swift; sourceTree = "<group>"; };
		83EA9FED29C8459D000B7A02 /* HealthTemplate.swift */ = {isa = PBXFileReference; lastKnownFileType = sourcecode.swift; path = HealthTemplate.swift; sourceTree = "<group>"; };
		83F2C81529C30187004E3270 /* CoRun.app */ = {isa = PBXFileReference; explicitFileType = wrapper.application; includeInIndex = 0; path = CoRun.app; sourceTree = BUILT_PRODUCTS_DIR; };
		83F2C81829C30187004E3270 /* CoRunApp.swift */ = {isa = PBXFileReference; lastKnownFileType = sourcecode.swift; path = CoRunApp.swift; sourceTree = "<group>"; };
		83F2C81A29C30187004E3270 /* ContentView.swift */ = {isa = PBXFileReference; lastKnownFileType = sourcecode.swift; path = ContentView.swift; sourceTree = "<group>"; };
		83F2C81C29C30190004E3270 /* Assets.xcassets */ = {isa = PBXFileReference; lastKnownFileType = folder.assetcatalog; path = Assets.xcassets; sourceTree = "<group>"; };
		83F2C81F29C30190004E3270 /* Preview Assets.xcassets */ = {isa = PBXFileReference; lastKnownFileType = folder.assetcatalog; path = "Preview Assets.xcassets"; sourceTree = "<group>"; };
		83F2C82129C30190004E3270 /* Persistence.swift */ = {isa = PBXFileReference; lastKnownFileType = sourcecode.swift; path = Persistence.swift; sourceTree = "<group>"; };
		83F2C82429C30190004E3270 /* CoRun.xcdatamodel */ = {isa = PBXFileReference; lastKnownFileType = wrapper.xcdatamodel; path = CoRun.xcdatamodel; sourceTree = "<group>"; };
		83F2C82A29C30191004E3270 /* CoRunTests.xctest */ = {isa = PBXFileReference; explicitFileType = wrapper.cfbundle; includeInIndex = 0; path = CoRunTests.xctest; sourceTree = BUILT_PRODUCTS_DIR; };
		83F2C82E29C30191004E3270 /* CoRunTests.swift */ = {isa = PBXFileReference; lastKnownFileType = sourcecode.swift; path = CoRunTests.swift; sourceTree = "<group>"; };
		83F2C83429C30191004E3270 /* CoRunUITests.xctest */ = {isa = PBXFileReference; explicitFileType = wrapper.cfbundle; includeInIndex = 0; path = CoRunUITests.xctest; sourceTree = BUILT_PRODUCTS_DIR; };
		83F2C83829C30191004E3270 /* CoRunUITests.swift */ = {isa = PBXFileReference; lastKnownFileType = sourcecode.swift; path = CoRunUITests.swift; sourceTree = "<group>"; };
		83F2C83A29C30191004E3270 /* CoRunUITestsLaunchTests.swift */ = {isa = PBXFileReference; lastKnownFileType = sourcecode.swift; path = CoRunUITestsLaunchTests.swift; sourceTree = "<group>"; };
		83F2C85129C31B0F004E3270 /* CoRun.entitlements */ = {isa = PBXFileReference; lastKnownFileType = text.plist.entitlements; path = CoRun.entitlements; sourceTree = "<group>"; };
		83F2C85229C328A7004E3270 /* MFont.swift */ = {isa = PBXFileReference; lastKnownFileType = sourcecode.swift; path = MFont.swift; sourceTree = "<group>"; };
		83F2C86629C33018004E3270 /* Info.plist */ = {isa = PBXFileReference; lastKnownFileType = text.plist; path = Info.plist; sourceTree = "<group>"; };
		83F2C86729C44ABA004E3270 /* SF-Pro-Display-Light.otf */ = {isa = PBXFileReference; lastKnownFileType = file; path = "SF-Pro-Display-Light.otf"; sourceTree = "<group>"; };
		83F2C86E29C44ABB004E3270 /* SF-Pro-Display-BoldItalic.otf */ = {isa = PBXFileReference; lastKnownFileType = file; path = "SF-Pro-Display-BoldItalic.otf"; sourceTree = "<group>"; };
		83F2C86F29C44ABC004E3270 /* SF-Pro-Display-Regular.otf */ = {isa = PBXFileReference; lastKnownFileType = file; path = "SF-Pro-Display-Regular.otf"; sourceTree = "<group>"; };
		83F2C87229C44ABC004E3270 /* SF-Pro-Display-SemiboldItalic.otf */ = {isa = PBXFileReference; lastKnownFileType = file; path = "SF-Pro-Display-SemiboldItalic.otf"; sourceTree = "<group>"; };
		83F2C87529C44ABD004E3270 /* SF-Pro-Display-Semibold.otf */ = {isa = PBXFileReference; lastKnownFileType = file; path = "SF-Pro-Display-Semibold.otf"; sourceTree = "<group>"; };
		83F2C87629C44ABD004E3270 /* SF-Pro-Display-ThinItalic.otf */ = {isa = PBXFileReference; lastKnownFileType = file; path = "SF-Pro-Display-ThinItalic.otf"; sourceTree = "<group>"; };
		83F2C87A29C44ABE004E3270 /* SF-Pro-Display-BlackItalic.otf */ = {isa = PBXFileReference; lastKnownFileType = file; path = "SF-Pro-Display-BlackItalic.otf"; sourceTree = "<group>"; };
		83F2C87F29C44ABE004E3270 /* SF-Pro-Display-Bold.otf */ = {isa = PBXFileReference; lastKnownFileType = file; path = "SF-Pro-Display-Bold.otf"; sourceTree = "<group>"; };
		83F2C88029C44ABF004E3270 /* SF-Pro-Display-HeavyItalic.otf */ = {isa = PBXFileReference; lastKnownFileType = file; path = "SF-Pro-Display-HeavyItalic.otf"; sourceTree = "<group>"; };
		83F2C88129C44ABF004E3270 /* SF-Pro-Display-Thin.otf */ = {isa = PBXFileReference; lastKnownFileType = file; path = "SF-Pro-Display-Thin.otf"; sourceTree = "<group>"; };
		83F2C88229C44ABF004E3270 /* SF-Pro-Display-MediumItalic.otf */ = {isa = PBXFileReference; lastKnownFileType = file; path = "SF-Pro-Display-MediumItalic.otf"; sourceTree = "<group>"; };
		83F2C88329C44ABF004E3270 /* SF-Pro-Display-Black.otf */ = {isa = PBXFileReference; lastKnownFileType = file; path = "SF-Pro-Display-Black.otf"; sourceTree = "<group>"; };
		83F2C88429C44ABF004E3270 /* SF-Pro-Display-Medium.otf */ = {isa = PBXFileReference; lastKnownFileType = file; path = "SF-Pro-Display-Medium.otf"; sourceTree = "<group>"; };
		83F2C88629C44AC0004E3270 /* SF-Pro-Display-RegularItalic.otf */ = {isa = PBXFileReference; lastKnownFileType = file; path = "SF-Pro-Display-RegularItalic.otf"; sourceTree = "<group>"; };
		83F2C88729C44AC0004E3270 /* SF-Pro-Display-UltralightItalic.otf */ = {isa = PBXFileReference; lastKnownFileType = file; path = "SF-Pro-Display-UltralightItalic.otf"; sourceTree = "<group>"; };
		83F2C88829C44AC0004E3270 /* SF-Pro-Display-Ultralight.otf */ = {isa = PBXFileReference; lastKnownFileType = file; path = "SF-Pro-Display-Ultralight.otf"; sourceTree = "<group>"; };
		83F2C88929C44AC0004E3270 /* SF-Pro-Display-LightItalic.otf */ = {isa = PBXFileReference; lastKnownFileType = file; path = "SF-Pro-Display-LightItalic.otf"; sourceTree = "<group>"; };
		83F2C88F29C44AC1004E3270 /* SF-Pro-Display-Heavy.otf */ = {isa = PBXFileReference; lastKnownFileType = file; path = "SF-Pro-Display-Heavy.otf"; sourceTree = "<group>"; };
		83F2C89329C44AC2004E3270 /* SF-Pro.ttf */ = {isa = PBXFileReference; lastKnownFileType = file; path = "SF-Pro.ttf"; sourceTree = "<group>"; };
/* End PBXFileReference section */

/* Begin PBXFrameworksBuildPhase section */
		83F2C81229C30187004E3270 /* Frameworks */ = {
			isa = PBXFrameworksBuildPhase;
			buildActionMask = 2147483647;
			files = (
			);
			runOnlyForDeploymentPostprocessing = 0;
		};
		83F2C82729C30191004E3270 /* Frameworks */ = {
			isa = PBXFrameworksBuildPhase;
			buildActionMask = 2147483647;
			files = (
			);
			runOnlyForDeploymentPostprocessing = 0;
		};
		83F2C83129C30191004E3270 /* Frameworks */ = {
			isa = PBXFrameworksBuildPhase;
			buildActionMask = 2147483647;
			files = (
			);
			runOnlyForDeploymentPostprocessing = 0;
		};
/* End PBXFrameworksBuildPhase section */

/* Begin PBXGroup section */
		832AB22329D981FB00904AA3 /* data-model */ = {
			isa = PBXGroup;
			children = (
				832AB22129D9806000904AA3 /* SessionResult.swift */,
			);
			path = "data-model";
			sourceTree = "<group>";
		};
		832AB22429D9820800904AA3 /* data-display */ = {
			isa = PBXGroup;
			children = (
			);
			path = "data-display";
			sourceTree = "<group>";
		};
		8368FFD029D42234007DBCDF /* trainee */ = {
			isa = PBXGroup;
			children = (
				8368FFDC29D42FDF007DBCDF /* TraineeView.swift */,
				8368FFDE29D42FF3007DBCDF /* TraineeModel.swift */,
				8368FFE029D43000007DBCDF /* TraineeViewModel.swift */,
			);
			path = trainee;
			sourceTree = "<group>";
		};
		8368FFD129D42247007DBCDF /* trainee-list */ = {
			isa = PBXGroup;
			children = (
				8368FFD229D423DA007DBCDF /* TraineeListView.swift */,
				8368FFD429D423E6007DBCDF /* TraineeListModel.swift */,
				8368FFD629D423F3007DBCDF /* TraineeListViewModel.swift */,
			);
			path = "trainee-list";
			sourceTree = "<group>";
		};
		8368FFE229D593E2007DBCDF /* dashboard */ = {
			isa = PBXGroup;
			children = (
				8368FFE329D59412007DBCDF /* CDashboardView.swift */,
			);
			path = dashboard;
			sourceTree = "<group>";
		};
		8369323629E6B958007994D6 /* calendar */ = {
			isa = PBXGroup;
			children = (
				8369323729E6B9A5007994D6 /* CCalendarView.swift */,
				8369323929E6B9AF007994D6 /* CCalendarViewModel.swift */,
			);
			path = calendar;
			sourceTree = "<group>";
		};
		8369323C29E6BD0B007994D6 /* data-environment */ = {
			isa = PBXGroup;
			children = (
				8369323D29E6BD1F007994D6 /* SelectedDateKey.swift */,
			);
			path = "data-environment";
			sourceTree = "<group>";
		};
		83A4223329E5AF2700D4DE8F /* data-enum */ = {
			isa = PBXGroup;
			children = (
				83A4223429E5AF4000D4DE8F /* CompletionStatus.swift */,
				8369323229E5E7B1007994D6 /* CalendarStatus.swift */,
			);
			path = "data-enum";
			sourceTree = "<group>";
		};
		83A4223629E5B1B300D4DE8F /* training */ = {
			isa = PBXGroup;
			children = (
				83A4223829E5B1DF00D4DE8F /* subview */,
				83A4223929E5B1F400D4DE8F /* TrainingView.swift */,
			);
			path = training;
			sourceTree = "<group>";
		};
		83A4223729E5B1D300D4DE8F /* calendar */ = {
			isa = PBXGroup;
			children = (
				8369322C29E5E594007994D6 /* CalendarView.swift */,
				8369322E29E5E63E007994D6 /* CalendarViewModel.swift */,
				8369323029E5E64B007994D6 /* CalendarModel.swift */,
			);
			path = calendar;
			sourceTree = "<group>";
		};
		83A4223829E5B1DF00D4DE8F /* subview */ = {
			isa = PBXGroup;
			children = (
				83A4223729E5B1D300D4DE8F /* calendar */,
				83DCE19C29CC97FA0007E73D /* summary */,
				83DCE1B029CCC4250007E73D /* plan */,
			);
			path = subview;
			sourceTree = "<group>";
		};
		83D08B1229C6FC5000114509 /* HApi */ = {
			isa = PBXGroup;
			children = (
				834DD25929C6FAA500CD59EB /* HApiREST.swift */,
			);
			path = HApi;
			sourceTree = "<group>";
		};
		83DCE17F29C846E50007E73D /* splash */ = {
			isa = PBXGroup;
			children = (
				83DCE18029C846FF0007E73D /* SplashView.swift */,
				8316301129D993F200B3322E /* SplashModel.swift */,
				8316301329D993FB00B3322E /* SplashViewModel.swift */,
			);
			path = splash;
			sourceTree = "<group>";
		};
		83DCE18229C8473D0007E73D /* assessment */ = {
			isa = PBXGroup;
			children = (
				83DCE18729C84CDD0007E73D /* AssessmentView.swift */,
				83DCE19129C867F70007E73D /* AssessmentModel.swift */,
				83DCE19329C868060007E73D /* AssessmentViewModel.swift */,
			);
			path = assessment;
			sourceTree = "<group>";
		};
		83DCE19529C868190007E73D /* health-permission */ = {
			isa = PBXGroup;
			children = (
				83DCE19629C8684F0007E73D /* HealthPermissionView.swift */,
				83DCE19829C8685C0007E73D /* HealthPermissionModel.swift */,
				83DCE19A29C8686C0007E73D /* HealthPermissionViewModel.swift */,
			);
			path = "health-permission";
			sourceTree = "<group>";
		};
		83DCE19C29CC97FA0007E73D /* summary */ = {
			isa = PBXGroup;
			children = (
				83DCE1A129CC98410007E73D /* SummaryModel.swift */,
				83DCE19D29CC98290007E73D /* SummaryView.swift */,
				83DCE19F29CC98360007E73D /* SummaryViewModel.swift */,
			);
			path = summary;
			sourceTree = "<group>";
		};
		83DCE1A629CC9F380007E73D /* basic-component */ = {
			isa = PBXGroup;
			children = (
				832AB22529D991BD00904AA3 /* CSignInButton.swift */,
				83DCE18A29C850CC0007E73D /* CCheckBox.swift */,
				83DCE18529C847DB0007E73D /* CTextField.swift */,
				83DCE1A429CC98D90007E73D /* CSegmented.swift */,
				83DCE1AA29CCA6C30007E73D /* CDivider.swift */,
				8368FFDA29D428F3007DBCDF /* CSearchBar.swift */,
			);
			path = "basic-component";
			sourceTree = "<group>";
		};
		83DCE1A729CC9F430007E73D /* view-component */ = {
			isa = PBXGroup;
			children = (
				8369323629E6B958007994D6 /* calendar */,
				8368FFE229D593E2007DBCDF /* dashboard */,
				83DCE1A829CC9F850007E73D /* CSummaryCard.swift */,
				83DCE1AE29CCBE6F0007E73D /* CActivityCard.swift */,
				83DCE1B729CCC94D0007E73D /* CSessionCard.swift */,
				8368FFD829D42418007DBCDF /* CTraineeCard.swift */,
				83A4223B29E5B33000D4DE8F /* CTabControl.swift */,
			);
			path = "view-component";
			sourceTree = "<group>";
		};
		83DCE1B029CCC4250007E73D /* plan */ = {
			isa = PBXGroup;
			children = (
				83DCE1B129CCC4360007E73D /* PlanView.swift */,
				83DCE1B329CCC4440007E73D /* PlanViewModel.swift */,
				83DCE1B529CCC4510007E73D /* PlanModel.swift */,
			);
			path = plan;
			sourceTree = "<group>";
		};
		83DCE1BE29CDAE970007E73D /* session-detail */ = {
			isa = PBXGroup;
			children = (
				83DCE1C529CDB62D0007E73D /* session-detail-component */,
				83DCE1BF29CDAEA50007E73D /* SessionDetailView.swift */,
				83DCE1C129CDAEB30007E73D /* SessionDetailModel.swift */,
				83DCE1C329CDAEBC0007E73D /* SessionDetailViewModel.swift */,
			);
			path = "session-detail";
			sourceTree = "<group>";
		};
		83DCE1C529CDB62D0007E73D /* session-detail-component */ = {
			isa = PBXGroup;
			children = (
				83DCE1C629CDB6650007E73D /* CSessionTitle.swift */,
				83DCE1C829CDB6720007E73D /* CSessionGoal.swift */,
				83DCE1CA29CDB6810007E73D /* CSessionFeedback.swift */,
				83DCE1CC29CDB68C0007E73D /* CSessionResult.swift */,
			);
			path = "session-detail-component";
			sourceTree = "<group>";
		};
		83DCE1CE29D03C9A0007E73D /* profile */ = {
			isa = PBXGroup;
			children = (
				83DCE1D529D03D060007E73D /* profile-component */,
				83DCE1DC29D048880007E73D /* sub-view */,
				83DCE1CF29D03CAC0007E73D /* ProfileView.swift */,
				83DCE1D129D03CC90007E73D /* ProfileViewModel.swift */,
				83DCE1D329D03CD30007E73D /* ProfileModel.swift */,
			);
			path = profile;
			sourceTree = "<group>";
		};
		83DCE1D529D03D060007E73D /* profile-component */ = {
			isa = PBXGroup;
			children = (
				83DCE1D629D03D4E0007E73D /* CProfileBiodata.swift */,
				83DCE1D829D043500007E73D /* CProfileCoach.swift */,
				83DCE1DA29D0450D0007E73D /* CProfileReminder.swift */,
			);
			path = "profile-component";
			sourceTree = "<group>";
		};
		83DCE1DC29D048880007E73D /* sub-view */ = {
			isa = PBXGroup;
			children = (
				8368FFD129D42247007DBCDF /* trainee-list */,
				83DCE1E429D062470007E73D /* scan-qr */,
				83DCE1E129D0550C0007E73D /* edit-biodata */,
				83DCE1DD29D048920007E73D /* qr-popup */,
			);
			path = "sub-view";
			sourceTree = "<group>";
		};
		83DCE1DD29D048920007E73D /* qr-popup */ = {
			isa = PBXGroup;
			children = (
				83DCE1DE29D048AA0007E73D /* QRPopUp.swift */,
			);
			path = "qr-popup";
			sourceTree = "<group>";
		};
		83DCE1E129D0550C0007E73D /* edit-biodata */ = {
			isa = PBXGroup;
			children = (
				83DCE1E229D055250007E73D /* EditBiodataPopUp.swift */,
			);
			path = "edit-biodata";
			sourceTree = "<group>";
		};
		83DCE1E429D062470007E73D /* scan-qr */ = {
			isa = PBXGroup;
			children = (
				83DCE1E529D0631F0007E73D /* ScanQRPopUp.swift */,
			);
			path = "scan-qr";
			sourceTree = "<group>";
		};
		83F2C80C29C30187004E3270 = {
			isa = PBXGroup;
			children = (
				83F2C81729C30187004E3270 /* CoRun */,
				83F2C82D29C30191004E3270 /* CoRunTests */,
				83F2C83729C30191004E3270 /* CoRunUITests */,
				83F2C81629C30187004E3270 /* Products */,
			);
			sourceTree = "<group>";
		};
		83F2C81629C30187004E3270 /* Products */ = {
			isa = PBXGroup;
			children = (
				83F2C81529C30187004E3270 /* CoRun.app */,
				83F2C82A29C30191004E3270 /* CoRunTests.xctest */,
				83F2C83429C30191004E3270 /* CoRunUITests.xctest */,
			);
			name = Products;
			sourceTree = "<group>";
		};
		83F2C81729C30187004E3270 /* CoRun */ = {
			isa = PBXGroup;
			children = (
				83F2C86629C33018004E3270 /* Info.plist */,
				83F2C85129C31B0F004E3270 /* CoRun.entitlements */,
				83F2C84E29C30416004E3270 /* view */,
				83F2C84729C30322004E3270 /* asset */,
				83F2C84A29C3037F004E3270 /* component */,
				83F2C84929C30365004E3270 /* data */,
				83F2C84B29C30386004E3270 /* utils */,
				83F2C81829C30187004E3270 /* CoRunApp.swift */,
				83F2C81A29C30187004E3270 /* ContentView.swift */,
				83F2C81C29C30190004E3270 /* Assets.xcassets */,
				83F2C82129C30190004E3270 /* Persistence.swift */,
				83F2C82329C30190004E3270 /* CoRun.xcdatamodeld */,
				83F2C81E29C30190004E3270 /* Preview Content */,
			);
			path = CoRun;
			sourceTree = "<group>";
		};
		83F2C81E29C30190004E3270 /* Preview Content */ = {
			isa = PBXGroup;
			children = (
				83F2C81F29C30190004E3270 /* Preview Assets.xcassets */,
			);
			path = "Preview Content";
			sourceTree = "<group>";
		};
		83F2C82D29C30191004E3270 /* CoRunTests */ = {
			isa = PBXGroup;
			children = (
				83F2C82E29C30191004E3270 /* CoRunTests.swift */,
			);
			path = CoRunTests;
			sourceTree = "<group>";
		};
		83F2C83729C30191004E3270 /* CoRunUITests */ = {
			isa = PBXGroup;
			children = (
				83F2C83829C30191004E3270 /* CoRunUITests.swift */,
				83F2C83A29C30191004E3270 /* CoRunUITestsLaunchTests.swift */,
			);
			path = CoRunUITests;
			sourceTree = "<group>";
		};
		83F2C84729C30322004E3270 /* asset */ = {
			isa = PBXGroup;
			children = (
				83F2C84829C3032B004E3270 /* font */,
			);
			path = asset;
			sourceTree = "<group>";
		};
		83F2C84829C3032B004E3270 /* font */ = {
			isa = PBXGroup;
			children = (
				83F2C88329C44ABF004E3270 /* SF-Pro-Display-Black.otf */,
				83F2C87A29C44ABE004E3270 /* SF-Pro-Display-BlackItalic.otf */,
				83F2C87F29C44ABE004E3270 /* SF-Pro-Display-Bold.otf */,
				83F2C86E29C44ABB004E3270 /* SF-Pro-Display-BoldItalic.otf */,
				83F2C88F29C44AC1004E3270 /* SF-Pro-Display-Heavy.otf */,
				83F2C88029C44ABF004E3270 /* SF-Pro-Display-HeavyItalic.otf */,
				83F2C86729C44ABA004E3270 /* SF-Pro-Display-Light.otf */,
				83F2C88929C44AC0004E3270 /* SF-Pro-Display-LightItalic.otf */,
				83F2C88429C44ABF004E3270 /* SF-Pro-Display-Medium.otf */,
				83F2C88229C44ABF004E3270 /* SF-Pro-Display-MediumItalic.otf */,
				83F2C86F29C44ABC004E3270 /* SF-Pro-Display-Regular.otf */,
				83F2C88629C44AC0004E3270 /* SF-Pro-Display-RegularItalic.otf */,
				83F2C87529C44ABD004E3270 /* SF-Pro-Display-Semibold.otf */,
				83F2C87229C44ABC004E3270 /* SF-Pro-Display-SemiboldItalic.otf */,
				83F2C88129C44ABF004E3270 /* SF-Pro-Display-Thin.otf */,
				83F2C87629C44ABD004E3270 /* SF-Pro-Display-ThinItalic.otf */,
				83F2C88829C44AC0004E3270 /* SF-Pro-Display-Ultralight.otf */,
				83F2C88729C44AC0004E3270 /* SF-Pro-Display-UltralightItalic.otf */,
				83F2C89329C44AC2004E3270 /* SF-Pro.ttf */,
			);
			path = font;
			sourceTree = "<group>";
		};
		83F2C84929C30365004E3270 /* data */ = {
			isa = PBXGroup;
			children = (
				8369323C29E6BD0B007994D6 /* data-environment */,
				83A4223329E5AF2700D4DE8F /* data-enum */,
				832AB22429D9820800904AA3 /* data-display */,
				832AB22329D981FB00904AA3 /* data-model */,
			);
			path = data;
			sourceTree = "<group>";
		};
		83F2C84A29C3037F004E3270 /* component */ = {
			isa = PBXGroup;
			children = (
				83DCE1A729CC9F430007E73D /* view-component */,
				83DCE1A629CC9F380007E73D /* basic-component */,
			);
			path = component;
			sourceTree = "<group>";
		};
		83F2C84B29C30386004E3270 /* utils */ = {
			isa = PBXGroup;
			children = (
				83F2C84D29C303DE004E3270 /* handler */,
				83F2C85029C319F5004E3270 /* modifier */,
				83F2C84C29C303DA004E3270 /* tool */,
			);
			path = utils;
			sourceTree = "<group>";
		};
		83F2C84C29C303DA004E3270 /* tool */ = {
			isa = PBXGroup;
			children = (
				83D31B7C29C70DFC00B47F8C /* TDate.swift */,
				83D31B7E29C70E9F00B47F8C /* TQr.swift */,
				83D31B8029C8366700B47F8C /* TUserDefault.swift */,
			);
			path = tool;
			sourceTree = "<group>";
		};
		83F2C84D29C303DE004E3270 /* handler */ = {
			isa = PBXGroup;
			children = (
				83D08B1229C6FC5000114509 /* HApi */,
				834DD25529C6F51A00CD59EB /* HNetwork.swift */,
				83D31B7A29C70DED00B47F8C /* HHealth.swift */,
				83EA9FED29C8459D000B7A02 /* HealthTemplate.swift */,
				8368FFE529D5A6BD007DBCDF /* HNavigation.swift */,
			);
			path = handler;
			sourceTree = "<group>";
		};
		83F2C84E29C30416004E3270 /* view */ = {
			isa = PBXGroup;
			children = (
				83A4223629E5B1B300D4DE8F /* training */,
				8368FFD029D42234007DBCDF /* trainee */,
				83DCE1CE29D03C9A0007E73D /* profile */,
				83DCE1BE29CDAE970007E73D /* session-detail */,
				83DCE18229C8473D0007E73D /* assessment */,
				83DCE19529C868190007E73D /* health-permission */,
				83DCE17F29C846E50007E73D /* splash */,
			);
			path = view;
			sourceTree = "<group>";
		};
		83F2C85029C319F5004E3270 /* modifier */ = {
			isa = PBXGroup;
			children = (
				83F2C85229C328A7004E3270 /* MFont.swift */,
				83C6FC4F29C455EF00B0026C /* MColor.swift */,
				83C6FC5129C45B5B00B0026C /* MView.swift */,
				83DCE18F29C85AB80007E73D /* MButton.swift */,
			);
			path = modifier;
			sourceTree = "<group>";
		};
/* End PBXGroup section */

/* Begin PBXNativeTarget section */
		83F2C81429C30187004E3270 /* CoRun */ = {
			isa = PBXNativeTarget;
			buildConfigurationList = 83F2C83E29C30191004E3270 /* Build configuration list for PBXNativeTarget "CoRun" */;
			buildPhases = (
				83F2C81129C30187004E3270 /* Sources */,
				83F2C81229C30187004E3270 /* Frameworks */,
				83F2C81329C30187004E3270 /* Resources */,
			);
			buildRules = (
			);
			dependencies = (
			);
			name = CoRun;
			productName = CoRun;
			productReference = 83F2C81529C30187004E3270 /* CoRun.app */;
			productType = "com.apple.product-type.application";
		};
		83F2C82929C30191004E3270 /* CoRunTests */ = {
			isa = PBXNativeTarget;
			buildConfigurationList = 83F2C84129C30191004E3270 /* Build configuration list for PBXNativeTarget "CoRunTests" */;
			buildPhases = (
				83F2C82629C30191004E3270 /* Sources */,
				83F2C82729C30191004E3270 /* Frameworks */,
				83F2C82829C30191004E3270 /* Resources */,
			);
			buildRules = (
			);
			dependencies = (
				83F2C82C29C30191004E3270 /* PBXTargetDependency */,
			);
			name = CoRunTests;
			productName = CoRunTests;
			productReference = 83F2C82A29C30191004E3270 /* CoRunTests.xctest */;
			productType = "com.apple.product-type.bundle.unit-test";
		};
		83F2C83329C30191004E3270 /* CoRunUITests */ = {
			isa = PBXNativeTarget;
			buildConfigurationList = 83F2C84429C30191004E3270 /* Build configuration list for PBXNativeTarget "CoRunUITests" */;
			buildPhases = (
				83F2C83029C30191004E3270 /* Sources */,
				83F2C83129C30191004E3270 /* Frameworks */,
				83F2C83229C30191004E3270 /* Resources */,
			);
			buildRules = (
			);
			dependencies = (
				83F2C83629C30191004E3270 /* PBXTargetDependency */,
			);
			name = CoRunUITests;
			productName = CoRunUITests;
			productReference = 83F2C83429C30191004E3270 /* CoRunUITests.xctest */;
			productType = "com.apple.product-type.bundle.ui-testing";
		};
/* End PBXNativeTarget section */

/* Begin PBXProject section */
		83F2C80D29C30187004E3270 /* Project object */ = {
			isa = PBXProject;
			attributes = {
				BuildIndependentTargetsInParallel = 1;
				LastSwiftUpdateCheck = 1400;
				LastUpgradeCheck = 1400;
				TargetAttributes = {
					83F2C81429C30187004E3270 = {
						CreatedOnToolsVersion = 14.0.1;
					};
					83F2C82929C30191004E3270 = {
						CreatedOnToolsVersion = 14.0.1;
						TestTargetID = 83F2C81429C30187004E3270;
					};
					83F2C83329C30191004E3270 = {
						CreatedOnToolsVersion = 14.0.1;
						TestTargetID = 83F2C81429C30187004E3270;
					};
				};
			};
			buildConfigurationList = 83F2C81029C30187004E3270 /* Build configuration list for PBXProject "CoRun" */;
			compatibilityVersion = "Xcode 14.0";
			developmentRegion = en;
			hasScannedForEncodings = 0;
			knownRegions = (
				en,
				Base,
				id,
			);
			mainGroup = 83F2C80C29C30187004E3270;
			productRefGroup = 83F2C81629C30187004E3270 /* Products */;
			projectDirPath = "";
			projectRoot = "";
			targets = (
				83F2C81429C30187004E3270 /* CoRun */,
				83F2C82929C30191004E3270 /* CoRunTests */,
				83F2C83329C30191004E3270 /* CoRunUITests */,
			);
		};
/* End PBXProject section */

/* Begin PBXResourcesBuildPhase section */
		83F2C81329C30187004E3270 /* Resources */ = {
			isa = PBXResourcesBuildPhase;
			buildActionMask = 2147483647;
			files = (
				83F2C8D129C44FD6004E3270 /* SF-Pro-Display-SemiboldItalic.otf in Resources */,
				83F2C8D029C44FD6004E3270 /* SF-Pro-Display-Semibold.otf in Resources */,
				83F2C8CC29C44FD6004E3270 /* SF-Pro-Display-BoldItalic.otf in Resources */,
				83F2C8D629C44FD6004E3270 /* SF-Pro-Display-Heavy.otf in Resources */,
				83F2C82029C30190004E3270 /* Preview Assets.xcassets in Resources */,
				83F2C8D529C44FD6004E3270 /* SF-Pro-Display-ThinItalic.otf in Resources */,
				83F2C8C829C44FD6004E3270 /* SF-Pro-Display-Bold.otf in Resources */,
				83F2C8D229C44FD6004E3270 /* SF-Pro-Display-Thin.otf in Resources */,
				83F2C8D429C44FD6004E3270 /* SF-Pro-Display-Ultralight.otf in Resources */,
				83F2C8CA29C44FD6004E3270 /* SF-Pro-Display-RegularItalic.otf in Resources */,
				83F2C8CD29C44FD6004E3270 /* SF-Pro-Display-Medium.otf in Resources */,
				83F2C8CB29C44FD6004E3270 /* SF-Pro-Display-Black.otf in Resources */,
				83F2C8CE29C44FD6004E3270 /* SF-Pro-Display-MediumItalic.otf in Resources */,
				83F2C81D29C30190004E3270 /* Assets.xcassets in Resources */,
				83F2C8C729C44FD6004E3270 /* SF-Pro-Display-LightItalic.otf in Resources */,
				83F2C8C929C44FD6004E3270 /* SF-Pro-Display-Light.otf in Resources */,
				83F2C8D829C44FD6004E3270 /* SF-Pro-Display-HeavyItalic.otf in Resources */,
				83F2C8CF29C44FD6004E3270 /* SF-Pro-Display-Regular.otf in Resources */,
				83F2C8D329C44FD6004E3270 /* SF-Pro-Display-BlackItalic.otf in Resources */,
				83F2C8D729C44FD6004E3270 /* SF-Pro-Display-UltralightItalic.otf in Resources */,
			);
			runOnlyForDeploymentPostprocessing = 0;
		};
		83F2C82829C30191004E3270 /* Resources */ = {
			isa = PBXResourcesBuildPhase;
			buildActionMask = 2147483647;
			files = (
			);
			runOnlyForDeploymentPostprocessing = 0;
		};
		83F2C83229C30191004E3270 /* Resources */ = {
			isa = PBXResourcesBuildPhase;
			buildActionMask = 2147483647;
			files = (
			);
			runOnlyForDeploymentPostprocessing = 0;
		};
/* End PBXResourcesBuildPhase section */

/* Begin PBXSourcesBuildPhase section */
		83F2C81129C30187004E3270 /* Sources */ = {
			isa = PBXSourcesBuildPhase;
			buildActionMask = 2147483647;
			files = (
				83F2C82229C30190004E3270 /* Persistence.swift in Sources */,
				8369323829E6B9A5007994D6 /* CCalendarView.swift in Sources */,
				83DCE1DF29D048AA0007E73D /* QRPopUp.swift in Sources */,
				8368FFE629D5A6BD007DBCDF /* HNavigation.swift in Sources */,
				83DCE1C229CDAEB30007E73D /* SessionDetailModel.swift in Sources */,
				83DCE19929C8685C0007E73D /* HealthPermissionModel.swift in Sources */,
				83DCE1B829CCC94D0007E73D /* CSessionCard.swift in Sources */,
				8368FFD329D423DA007DBCDF /* TraineeListView.swift in Sources */,
				83DCE18829C84CDD0007E73D /* AssessmentView.swift in Sources */,
				83DCE19429C868060007E73D /* AssessmentViewModel.swift in Sources */,
				8369323A29E6B9AF007994D6 /* CCalendarViewModel.swift in Sources */,
				8316301429D993FB00B3322E /* SplashViewModel.swift in Sources */,
				83A4223A29E5B1F400D4DE8F /* TrainingView.swift in Sources */,
				8368FFDB29D428F3007DBCDF /* CSearchBar.swift in Sources */,
				83DCE1D029D03CAC0007E73D /* ProfileView.swift in Sources */,
				83DCE18B29C850CC0007E73D /* CCheckBox.swift in Sources */,
				8368FFDF29D42FF3007DBCDF /* TraineeModel.swift in Sources */,
				83DCE19B29C8686C0007E73D /* HealthPermissionViewModel.swift in Sources */,
				83F2C85329C328A7004E3270 /* MFont.swift in Sources */,
				83DCE1A029CC98360007E73D /* SummaryViewModel.swift in Sources */,
				83DCE18129C846FF0007E73D /* SplashView.swift in Sources */,
				83DCE18629C847DB0007E73D /* CTextField.swift in Sources */,
				832AB22229D9806000904AA3 /* SessionResult.swift in Sources */,
				8369322F29E5E63E007994D6 /* CalendarViewModel.swift in Sources */,
				83DCE1D429D03CD30007E73D /* ProfileModel.swift in Sources */,
				83D31B7B29C70DED00B47F8C /* HHealth.swift in Sources */,
				83D31B8129C8366700B47F8C /* TUserDefault.swift in Sources */,
				83DCE1D929D043500007E73D /* CProfileCoach.swift in Sources */,
				8368FFD729D423F3007DBCDF /* TraineeListViewModel.swift in Sources */,
				83DCE1C929CDB6720007E73D /* CSessionGoal.swift in Sources */,
				8368FFD529D423E6007DBCDF /* TraineeListModel.swift in Sources */,
				8369323329E5E7B1007994D6 /* CalendarStatus.swift in Sources */,
				83DCE1CD29CDB68C0007E73D /* CSessionResult.swift in Sources */,
				83F2C82529C30190004E3270 /* CoRun.xcdatamodeld in Sources */,
				83DCE19229C867F70007E73D /* AssessmentModel.swift in Sources */,
				834DD25629C6F51A00CD59EB /* HNetwork.swift in Sources */,
				83DCE1D229D03CC90007E73D /* ProfileViewModel.swift in Sources */,
				83C6FC5029C455EF00B0026C /* MColor.swift in Sources */,
				83DCE1CB29CDB6810007E73D /* CSessionFeedback.swift in Sources */,
				83DCE1D729D03D4E0007E73D /* CProfileBiodata.swift in Sources */,
				83F2C81B29C30187004E3270 /* ContentView.swift in Sources */,
				8368FFE429D59412007DBCDF /* CDashboardView.swift in Sources */,
				83A4223C29E5B33000D4DE8F /* CTabControl.swift in Sources */,
				8316301229D993F200B3322E /* SplashModel.swift in Sources */,
				83DCE1B629CCC4510007E73D /* PlanModel.swift in Sources */,
				8368FFE129D43000007DBCDF /* TraineeViewModel.swift in Sources */,
				8369323E29E6BD1F007994D6 /* SelectedDateKey.swift in Sources */,
				83DCE1DB29D0450D0007E73D /* CProfileReminder.swift in Sources */,
				83DCE1A229CC98410007E73D /* SummaryModel.swift in Sources */,
				83DCE1B229CCC4360007E73D /* PlanView.swift in Sources */,
				83D31B7F29C70E9F00B47F8C /* TQr.swift in Sources */,
				83DCE1A929CC9F850007E73D /* CSummaryCard.swift in Sources */,
				8369322D29E5E594007994D6 /* CalendarView.swift in Sources */,
				83DCE1B429CCC4440007E73D /* PlanViewModel.swift in Sources */,
				83DCE1E629D0631F0007E73D /* ScanQRPopUp.swift in Sources */,
				83EA9FEE29C8459D000B7A02 /* HealthTemplate.swift in Sources */,
				83DCE1AB29CCA6C30007E73D /* CDivider.swift in Sources */,
				83F2C81929C30187004E3270 /* CoRunApp.swift in Sources */,
				8369323129E5E64B007994D6 /* CalendarModel.swift in Sources */,
				83DCE1AF29CCBE6F0007E73D /* CActivityCard.swift in Sources */,
				83A4223529E5AF4000D4DE8F /* CompletionStatus.swift in Sources */,
				83C6FC5229C45B5B00B0026C /* MView.swift in Sources */,
				83DCE19029C85AB80007E73D /* MButton.swift in Sources */,
				83DCE1C429CDAEBC0007E73D /* SessionDetailViewModel.swift in Sources */,
				83DCE1C729CDB6650007E73D /* CSessionTitle.swift in Sources */,
				8368FFD929D42418007DBCDF /* CTraineeCard.swift in Sources */,
				83DCE19729C8684F0007E73D /* HealthPermissionView.swift in Sources */,
				83DCE19E29CC98290007E73D /* SummaryView.swift in Sources */,
				83D31B7D29C70DFC00B47F8C /* TDate.swift in Sources */,
				83DCE1A529CC98D90007E73D /* CSegmented.swift in Sources */,
				83DCE1E329D055250007E73D /* EditBiodataPopUp.swift in Sources */,
				83DCE1C029CDAEA50007E73D /* SessionDetailView.swift in Sources */,
				832AB22629D991BD00904AA3 /* CSignInButton.swift in Sources */,
				834DD25A29C6FAA500CD59EB /* HApiREST.swift in Sources */,
				8368FFDD29D42FDF007DBCDF /* TraineeView.swift in Sources */,
			);
			runOnlyForDeploymentPostprocessing = 0;
		};
		83F2C82629C30191004E3270 /* Sources */ = {
			isa = PBXSourcesBuildPhase;
			buildActionMask = 2147483647;
			files = (
				83F2C82F29C30191004E3270 /* CoRunTests.swift in Sources */,
			);
			runOnlyForDeploymentPostprocessing = 0;
		};
		83F2C83029C30191004E3270 /* Sources */ = {
			isa = PBXSourcesBuildPhase;
			buildActionMask = 2147483647;
			files = (
				83F2C83B29C30191004E3270 /* CoRunUITestsLaunchTests.swift in Sources */,
				83F2C83929C30191004E3270 /* CoRunUITests.swift in Sources */,
			);
			runOnlyForDeploymentPostprocessing = 0;
		};
/* End PBXSourcesBuildPhase section */

/* Begin PBXTargetDependency section */
		83F2C82C29C30191004E3270 /* PBXTargetDependency */ = {
			isa = PBXTargetDependency;
			target = 83F2C81429C30187004E3270 /* CoRun */;
			targetProxy = 83F2C82B29C30191004E3270 /* PBXContainerItemProxy */;
		};
		83F2C83629C30191004E3270 /* PBXTargetDependency */ = {
			isa = PBXTargetDependency;
			target = 83F2C81429C30187004E3270 /* CoRun */;
			targetProxy = 83F2C83529C30191004E3270 /* PBXContainerItemProxy */;
		};
/* End PBXTargetDependency section */

/* Begin XCBuildConfiguration section */
		83F2C83C29C30191004E3270 /* Debug */ = {
			isa = XCBuildConfiguration;
			buildSettings = {
				ALWAYS_SEARCH_USER_PATHS = NO;
				CLANG_ANALYZER_NONNULL = YES;
				CLANG_ANALYZER_NUMBER_OBJECT_CONVERSION = YES_AGGRESSIVE;
				CLANG_CXX_LANGUAGE_STANDARD = "gnu++20";
				CLANG_ENABLE_MODULES = YES;
				CLANG_ENABLE_OBJC_ARC = YES;
				CLANG_ENABLE_OBJC_WEAK = YES;
				CLANG_WARN_BLOCK_CAPTURE_AUTORELEASING = YES;
				CLANG_WARN_BOOL_CONVERSION = YES;
				CLANG_WARN_COMMA = YES;
				CLANG_WARN_CONSTANT_CONVERSION = YES;
				CLANG_WARN_DEPRECATED_OBJC_IMPLEMENTATIONS = YES;
				CLANG_WARN_DIRECT_OBJC_ISA_USAGE = YES_ERROR;
				CLANG_WARN_DOCUMENTATION_COMMENTS = YES;
				CLANG_WARN_EMPTY_BODY = YES;
				CLANG_WARN_ENUM_CONVERSION = YES;
				CLANG_WARN_INFINITE_RECURSION = YES;
				CLANG_WARN_INT_CONVERSION = YES;
				CLANG_WARN_NON_LITERAL_NULL_CONVERSION = YES;
				CLANG_WARN_OBJC_IMPLICIT_RETAIN_SELF = YES;
				CLANG_WARN_OBJC_LITERAL_CONVERSION = YES;
				CLANG_WARN_OBJC_ROOT_CLASS = YES_ERROR;
				CLANG_WARN_QUOTED_INCLUDE_IN_FRAMEWORK_HEADER = YES;
				CLANG_WARN_RANGE_LOOP_ANALYSIS = YES;
				CLANG_WARN_STRICT_PROTOTYPES = YES;
				CLANG_WARN_SUSPICIOUS_MOVE = YES;
				CLANG_WARN_UNGUARDED_AVAILABILITY = YES_AGGRESSIVE;
				CLANG_WARN_UNREACHABLE_CODE = YES;
				CLANG_WARN__DUPLICATE_METHOD_MATCH = YES;
				COPY_PHASE_STRIP = NO;
				DEBUG_INFORMATION_FORMAT = dwarf;
				ENABLE_STRICT_OBJC_MSGSEND = YES;
				ENABLE_TESTABILITY = YES;
				GCC_C_LANGUAGE_STANDARD = gnu11;
				GCC_DYNAMIC_NO_PIC = NO;
				GCC_NO_COMMON_BLOCKS = YES;
				GCC_OPTIMIZATION_LEVEL = 0;
				GCC_PREPROCESSOR_DEFINITIONS = (
					"DEBUG=1",
					"$(inherited)",
				);
				GCC_WARN_64_TO_32_BIT_CONVERSION = YES;
				GCC_WARN_ABOUT_RETURN_TYPE = YES_ERROR;
				GCC_WARN_UNDECLARED_SELECTOR = YES;
				GCC_WARN_UNINITIALIZED_AUTOS = YES_AGGRESSIVE;
				GCC_WARN_UNUSED_FUNCTION = YES;
				GCC_WARN_UNUSED_VARIABLE = YES;
				IPHONEOS_DEPLOYMENT_TARGET = 16.0;
				MTL_ENABLE_DEBUG_INFO = INCLUDE_SOURCE;
				MTL_FAST_MATH = YES;
				ONLY_ACTIVE_ARCH = YES;
				SDKROOT = iphoneos;
				SWIFT_ACTIVE_COMPILATION_CONDITIONS = DEBUG;
				SWIFT_OPTIMIZATION_LEVEL = "-Onone";
			};
			name = Debug;
		};
		83F2C83D29C30191004E3270 /* Release */ = {
			isa = XCBuildConfiguration;
			buildSettings = {
				ALWAYS_SEARCH_USER_PATHS = NO;
				CLANG_ANALYZER_NONNULL = YES;
				CLANG_ANALYZER_NUMBER_OBJECT_CONVERSION = YES_AGGRESSIVE;
				CLANG_CXX_LANGUAGE_STANDARD = "gnu++20";
				CLANG_ENABLE_MODULES = YES;
				CLANG_ENABLE_OBJC_ARC = YES;
				CLANG_ENABLE_OBJC_WEAK = YES;
				CLANG_WARN_BLOCK_CAPTURE_AUTORELEASING = YES;
				CLANG_WARN_BOOL_CONVERSION = YES;
				CLANG_WARN_COMMA = YES;
				CLANG_WARN_CONSTANT_CONVERSION = YES;
				CLANG_WARN_DEPRECATED_OBJC_IMPLEMENTATIONS = YES;
				CLANG_WARN_DIRECT_OBJC_ISA_USAGE = YES_ERROR;
				CLANG_WARN_DOCUMENTATION_COMMENTS = YES;
				CLANG_WARN_EMPTY_BODY = YES;
				CLANG_WARN_ENUM_CONVERSION = YES;
				CLANG_WARN_INFINITE_RECURSION = YES;
				CLANG_WARN_INT_CONVERSION = YES;
				CLANG_WARN_NON_LITERAL_NULL_CONVERSION = YES;
				CLANG_WARN_OBJC_IMPLICIT_RETAIN_SELF = YES;
				CLANG_WARN_OBJC_LITERAL_CONVERSION = YES;
				CLANG_WARN_OBJC_ROOT_CLASS = YES_ERROR;
				CLANG_WARN_QUOTED_INCLUDE_IN_FRAMEWORK_HEADER = YES;
				CLANG_WARN_RANGE_LOOP_ANALYSIS = YES;
				CLANG_WARN_STRICT_PROTOTYPES = YES;
				CLANG_WARN_SUSPICIOUS_MOVE = YES;
				CLANG_WARN_UNGUARDED_AVAILABILITY = YES_AGGRESSIVE;
				CLANG_WARN_UNREACHABLE_CODE = YES;
				CLANG_WARN__DUPLICATE_METHOD_MATCH = YES;
				COPY_PHASE_STRIP = NO;
				DEBUG_INFORMATION_FORMAT = "dwarf-with-dsym";
				ENABLE_NS_ASSERTIONS = NO;
				ENABLE_STRICT_OBJC_MSGSEND = YES;
				GCC_C_LANGUAGE_STANDARD = gnu11;
				GCC_NO_COMMON_BLOCKS = YES;
				GCC_WARN_64_TO_32_BIT_CONVERSION = YES;
				GCC_WARN_ABOUT_RETURN_TYPE = YES_ERROR;
				GCC_WARN_UNDECLARED_SELECTOR = YES;
				GCC_WARN_UNINITIALIZED_AUTOS = YES_AGGRESSIVE;
				GCC_WARN_UNUSED_FUNCTION = YES;
				GCC_WARN_UNUSED_VARIABLE = YES;
				IPHONEOS_DEPLOYMENT_TARGET = 16.0;
				MTL_ENABLE_DEBUG_INFO = NO;
				MTL_FAST_MATH = YES;
				SDKROOT = iphoneos;
				SWIFT_COMPILATION_MODE = wholemodule;
				SWIFT_OPTIMIZATION_LEVEL = "-O";
				VALIDATE_PRODUCT = YES;
			};
			name = Release;
		};
		83F2C83F29C30191004E3270 /* Debug */ = {
			isa = XCBuildConfiguration;
			buildSettings = {
				ASSETCATALOG_COMPILER_APPICON_NAME = AppIcon;
				ASSETCATALOG_COMPILER_GLOBAL_ACCENT_COLOR_NAME = AccentColor;
				CODE_SIGN_ENTITLEMENTS = CoRun/CoRun.entitlements;
				CODE_SIGN_STYLE = Automatic;
				CURRENT_PROJECT_VERSION = 1;
				DEVELOPMENT_ASSET_PATHS = "\"CoRun/Preview Content\"";
				DEVELOPMENT_TEAM = 3L5BWRLS6F;
				ENABLE_PREVIEWS = YES;
				GENERATE_INFOPLIST_FILE = YES;
				INFOPLIST_FILE = CoRun/Info.plist;
				INFOPLIST_KEY_CFBundleDisplayName = CoRun;
				INFOPLIST_KEY_LSApplicationCategoryType = "public.app-category.sports";
				INFOPLIST_KEY_NSCameraUsageDescription = "Your camera will be used to scan QR Code";
				INFOPLIST_KEY_NSHealthClinicalHealthRecordsShareUsageDescription = "Your workout data, and health data related to running and general fitness will be accessed, compared to your training plan and calculated to provide summary";
				INFOPLIST_KEY_NSHealthShareUsageDescription = "Your workout data, and health data related to running and general fitness will be able to be accessed by your coach and this application as reference";
				INFOPLIST_KEY_UIApplicationSceneManifest_Generation = YES;
				INFOPLIST_KEY_UIApplicationSupportsIndirectInputEvents = YES;
				INFOPLIST_KEY_UILaunchScreen_Generation = YES;
				INFOPLIST_KEY_UIStatusBarStyle = "";
				INFOPLIST_KEY_UISupportedInterfaceOrientations = "UIInterfaceOrientationPortrait UIInterfaceOrientationPortraitUpsideDown";
				LD_RUNPATH_SEARCH_PATHS = (
					"$(inherited)",
					"@executable_path/Frameworks",
				);
				MARKETING_VERSION = 1.0;
				PRODUCT_BUNDLE_IDENTIFIER = com.mricharx.ckdemo.CoRun;
				PRODUCT_NAME = "$(TARGET_NAME)";
				SUPPORTED_PLATFORMS = "iphoneos iphonesimulator";
				SUPPORTS_MACCATALYST = NO;
				SUPPORTS_MAC_DESIGNED_FOR_IPHONE_IPAD = NO;
				SWIFT_EMIT_LOC_STRINGS = YES;
				SWIFT_VERSION = 5.0;
				TARGETED_DEVICE_FAMILY = 1;
			};
			name = Debug;
		};
		83F2C84029C30191004E3270 /* Release */ = {
			isa = XCBuildConfiguration;
			buildSettings = {
				ASSETCATALOG_COMPILER_APPICON_NAME = AppIcon;
				ASSETCATALOG_COMPILER_GLOBAL_ACCENT_COLOR_NAME = AccentColor;
				CODE_SIGN_ENTITLEMENTS = CoRun/CoRun.entitlements;
				CODE_SIGN_STYLE = Automatic;
				CURRENT_PROJECT_VERSION = 1;
				DEVELOPMENT_ASSET_PATHS = "\"CoRun/Preview Content\"";
				DEVELOPMENT_TEAM = 3L5BWRLS6F;
				ENABLE_PREVIEWS = YES;
				GENERATE_INFOPLIST_FILE = YES;
				INFOPLIST_FILE = CoRun/Info.plist;
				INFOPLIST_KEY_CFBundleDisplayName = CoRun;
				INFOPLIST_KEY_LSApplicationCategoryType = "public.app-category.sports";
				INFOPLIST_KEY_NSCameraUsageDescription = "Your camera will be used to scan QR Code";
				INFOPLIST_KEY_NSHealthClinicalHealthRecordsShareUsageDescription = "Your workout data, and health data related to running and general fitness will be accessed, compared to your training plan and calculated to provide summary";
				INFOPLIST_KEY_NSHealthShareUsageDescription = "Your workout data, and health data related to running and general fitness will be able to be accessed by your coach and this application as reference";
				INFOPLIST_KEY_UIApplicationSceneManifest_Generation = YES;
				INFOPLIST_KEY_UIApplicationSupportsIndirectInputEvents = YES;
				INFOPLIST_KEY_UILaunchScreen_Generation = YES;
				INFOPLIST_KEY_UIStatusBarStyle = "";
				INFOPLIST_KEY_UISupportedInterfaceOrientations = "UIInterfaceOrientationPortrait UIInterfaceOrientationPortraitUpsideDown";
				LD_RUNPATH_SEARCH_PATHS = (
					"$(inherited)",
					"@executable_path/Frameworks",
				);
				MARKETING_VERSION = 1.0;
				PRODUCT_BUNDLE_IDENTIFIER = com.mricharx.ckdemo.CoRun;
				PRODUCT_NAME = "$(TARGET_NAME)";
				SUPPORTED_PLATFORMS = "iphoneos iphonesimulator";
				SUPPORTS_MACCATALYST = NO;
				SUPPORTS_MAC_DESIGNED_FOR_IPHONE_IPAD = NO;
				SWIFT_EMIT_LOC_STRINGS = YES;
				SWIFT_VERSION = 5.0;
				TARGETED_DEVICE_FAMILY = 1;
			};
			name = Release;
		};
		83F2C84229C30191004E3270 /* Debug */ = {
			isa = XCBuildConfiguration;
			buildSettings = {
				ALWAYS_EMBED_SWIFT_STANDARD_LIBRARIES = YES;
				BUNDLE_LOADER = "$(TEST_HOST)";
				CODE_SIGN_STYLE = Automatic;
				CURRENT_PROJECT_VERSION = 1;
				DEVELOPMENT_TEAM = 3L5BWRLS6F;
				GENERATE_INFOPLIST_FILE = YES;
				IPHONEOS_DEPLOYMENT_TARGET = 16.0;
				MARKETING_VERSION = 1.0;
				PRODUCT_BUNDLE_IDENTIFIER = com.mricharx.ckdemo.CoRunTests;
				PRODUCT_NAME = "$(TARGET_NAME)";
				SWIFT_EMIT_LOC_STRINGS = NO;
				SWIFT_VERSION = 5.0;
				TARGETED_DEVICE_FAMILY = "1,2";
				TEST_HOST = "$(BUILT_PRODUCTS_DIR)/CoRun.app/$(BUNDLE_EXECUTABLE_FOLDER_PATH)/CoRun";
			};
			name = Debug;
		};
		83F2C84329C30191004E3270 /* Release */ = {
			isa = XCBuildConfiguration;
			buildSettings = {
				ALWAYS_EMBED_SWIFT_STANDARD_LIBRARIES = YES;
				BUNDLE_LOADER = "$(TEST_HOST)";
				CODE_SIGN_STYLE = Automatic;
				CURRENT_PROJECT_VERSION = 1;
				DEVELOPMENT_TEAM = 3L5BWRLS6F;
				GENERATE_INFOPLIST_FILE = YES;
				IPHONEOS_DEPLOYMENT_TARGET = 16.0;
				MARKETING_VERSION = 1.0;
				PRODUCT_BUNDLE_IDENTIFIER = com.mricharx.ckdemo.CoRunTests;
				PRODUCT_NAME = "$(TARGET_NAME)";
				SWIFT_EMIT_LOC_STRINGS = NO;
				SWIFT_VERSION = 5.0;
				TARGETED_DEVICE_FAMILY = "1,2";
				TEST_HOST = "$(BUILT_PRODUCTS_DIR)/CoRun.app/$(BUNDLE_EXECUTABLE_FOLDER_PATH)/CoRun";
			};
			name = Release;
		};
		83F2C84529C30191004E3270 /* Debug */ = {
			isa = XCBuildConfiguration;
			buildSettings = {
				ALWAYS_EMBED_SWIFT_STANDARD_LIBRARIES = YES;
				CODE_SIGN_STYLE = Automatic;
				CURRENT_PROJECT_VERSION = 1;
				DEVELOPMENT_TEAM = 3L5BWRLS6F;
				GENERATE_INFOPLIST_FILE = YES;
				MARKETING_VERSION = 1.0;
				PRODUCT_BUNDLE_IDENTIFIER = com.mricharx.ckdemo.CoRunUITests;
				PRODUCT_NAME = "$(TARGET_NAME)";
				SWIFT_EMIT_LOC_STRINGS = NO;
				SWIFT_VERSION = 5.0;
				TARGETED_DEVICE_FAMILY = "1,2";
				TEST_TARGET_NAME = CoRun;
			};
			name = Debug;
		};
		83F2C84629C30191004E3270 /* Release */ = {
			isa = XCBuildConfiguration;
			buildSettings = {
				ALWAYS_EMBED_SWIFT_STANDARD_LIBRARIES = YES;
				CODE_SIGN_STYLE = Automatic;
				CURRENT_PROJECT_VERSION = 1;
				DEVELOPMENT_TEAM = 3L5BWRLS6F;
				GENERATE_INFOPLIST_FILE = YES;
				MARKETING_VERSION = 1.0;
				PRODUCT_BUNDLE_IDENTIFIER = com.mricharx.ckdemo.CoRunUITests;
				PRODUCT_NAME = "$(TARGET_NAME)";
				SWIFT_EMIT_LOC_STRINGS = NO;
				SWIFT_VERSION = 5.0;
				TARGETED_DEVICE_FAMILY = "1,2";
				TEST_TARGET_NAME = CoRun;
			};
			name = Release;
		};
/* End XCBuildConfiguration section */

/* Begin XCConfigurationList section */
		83F2C81029C30187004E3270 /* Build configuration list for PBXProject "CoRun" */ = {
			isa = XCConfigurationList;
			buildConfigurations = (
				83F2C83C29C30191004E3270 /* Debug */,
				83F2C83D29C30191004E3270 /* Release */,
			);
			defaultConfigurationIsVisible = 0;
			defaultConfigurationName = Release;
		};
		83F2C83E29C30191004E3270 /* Build configuration list for PBXNativeTarget "CoRun" */ = {
			isa = XCConfigurationList;
			buildConfigurations = (
				83F2C83F29C30191004E3270 /* Debug */,
				83F2C84029C30191004E3270 /* Release */,
			);
			defaultConfigurationIsVisible = 0;
			defaultConfigurationName = Release;
		};
		83F2C84129C30191004E3270 /* Build configuration list for PBXNativeTarget "CoRunTests" */ = {
			isa = XCConfigurationList;
			buildConfigurations = (
				83F2C84229C30191004E3270 /* Debug */,
				83F2C84329C30191004E3270 /* Release */,
			);
			defaultConfigurationIsVisible = 0;
			defaultConfigurationName = Release;
		};
		83F2C84429C30191004E3270 /* Build configuration list for PBXNativeTarget "CoRunUITests" */ = {
			isa = XCConfigurationList;
			buildConfigurations = (
				83F2C84529C30191004E3270 /* Debug */,
				83F2C84629C30191004E3270 /* Release */,
			);
			defaultConfigurationIsVisible = 0;
			defaultConfigurationName = Release;
		};
/* End XCConfigurationList section */

/* Begin XCVersionGroup section */
		83F2C82329C30190004E3270 /* CoRun.xcdatamodeld */ = {
			isa = XCVersionGroup;
			children = (
				83F2C82429C30190004E3270 /* CoRun.xcdatamodel */,
			);
			currentVersion = 83F2C82429C30190004E3270 /* CoRun.xcdatamodel */;
			path = CoRun.xcdatamodeld;
			sourceTree = "<group>";
			versionGroupType = wrapper.xcdatamodel;
		};
/* End XCVersionGroup section */
	};
	rootObject = 83F2C80D29C30187004E3270 /* Project object */;
}
