// !$*UTF8*$!
{
	archiveVersion = 1;
	classes = {
	};
	objectVersion = 56;
	objects = {

/* Begin PBXBuildFile section */
		83F2C81929C30187004E3270 /* CoRunApp.swift in Sources */ = {isa = PBXBuildFile; fileRef = 83F2C81829C30187004E3270 /* CoRunApp.swift */; };
		83F2C81B29C30187004E3270 /* ContentView.swift in Sources */ = {isa = PBXBuildFile; fileRef = 83F2C81A29C30187004E3270 /* ContentView.swift */; };
		83F2C81D29C30190004E3270 /* Assets.xcassets in Resources */ = {isa = PBXBuildFile; fileRef = 83F2C81C29C30190004E3270 /* Assets.xcassets */; };
		83F2C82029C30190004E3270 /* Preview Assets.xcassets in Resources */ = {isa = PBXBuildFile; fileRef = 83F2C81F29C30190004E3270 /* Preview Assets.xcassets */; };
		83F2C82229C30190004E3270 /* Persistence.swift in Sources */ = {isa = PBXBuildFile; fileRef = 83F2C82129C30190004E3270 /* Persistence.swift */; };
		83F2C82529C30190004E3270 /* CoRun.xcdatamodeld in Sources */ = {isa = PBXBuildFile; fileRef = 83F2C82329C30190004E3270 /* CoRun.xcdatamodeld */; };
		83F2C82F29C30191004E3270 /* CoRunTests.swift in Sources */ = {isa = PBXBuildFile; fileRef = 83F2C82E29C30191004E3270 /* CoRunTests.swift */; };
		83F2C83929C30191004E3270 /* CoRunUITests.swift in Sources */ = {isa = PBXBuildFile; fileRef = 83F2C83829C30191004E3270 /* CoRunUITests.swift */; };
		83F2C83B29C30191004E3270 /* CoRunUITestsLaunchTests.swift in Sources */ = {isa = PBXBuildFile; fileRef = 83F2C83A29C30191004E3270 /* CoRunUITestsLaunchTests.swift */; };
/* End PBXBuildFile section */

/* Begin PBXContainerItemProxy section */
		83F2C82B29C30191004E3270 /* PBXContainerItemProxy */ = {
			isa = PBXContainerItemProxy;
			containerPortal = 83F2C80D29C30187004E3270 /* Project object */;
			proxyType = 1;
			remoteGlobalIDString = 83F2C81429C30187004E3270;
			remoteInfo = CoRun;
		};
		83F2C83529C30191004E3270 /* PBXContainerItemProxy */ = {
			isa = PBXContainerItemProxy;
			containerPortal = 83F2C80D29C30187004E3270 /* Project object */;
			proxyType = 1;
			remoteGlobalIDString = 83F2C81429C30187004E3270;
			remoteInfo = CoRun;
		};
/* End PBXContainerItemProxy section */

/* Begin PBXFileReference section */
		83F2C81529C30187004E3270 /* CoRun.app */ = {isa = PBXFileReference; explicitFileType = wrapper.application; includeInIndex = 0; path = CoRun.app; sourceTree = BUILT_PRODUCTS_DIR; };
		83F2C81829C30187004E3270 /* CoRunApp.swift */ = {isa = PBXFileReference; lastKnownFileType = sourcecode.swift; path = CoRunApp.swift; sourceTree = "<group>"; };
		83F2C81A29C30187004E3270 /* ContentView.swift */ = {isa = PBXFileReference; lastKnownFileType = sourcecode.swift; path = ContentView.swift; sourceTree = "<group>"; };
		83F2C81C29C30190004E3270 /* Assets.xcassets */ = {isa = PBXFileReference; lastKnownFileType = folder.assetcatalog; path = Assets.xcassets; sourceTree = "<group>"; };
		83F2C81F29C30190004E3270 /* Preview Assets.xcassets */ = {isa = PBXFileReference; lastKnownFileType = folder.assetcatalog; path = "Preview Assets.xcassets"; sourceTree = "<group>"; };
		83F2C82129C30190004E3270 /* Persistence.swift */ = {isa = PBXFileReference; lastKnownFileType = sourcecode.swift; path = Persistence.swift; sourceTree = "<group>"; };
		83F2C82429C30190004E3270 /* CoRun.xcdatamodel */ = {isa = PBXFileReference; lastKnownFileType = wrapper.xcdatamodel; path = CoRun.xcdatamodel; sourceTree = "<group>"; };
		83F2C82A29C30191004E3270 /* CoRunTests.xctest */ = {isa = PBXFileReference; explicitFileType = wrapper.cfbundle; includeInIndex = 0; path = CoRunTests.xctest; sourceTree = BUILT_PRODUCTS_DIR; };
		83F2C82E29C30191004E3270 /* CoRunTests.swift */ = {isa = PBXFileReference; lastKnownFileType = sourcecode.swift; path = CoRunTests.swift; sourceTree = "<group>"; };
		83F2C83429C30191004E3270 /* CoRunUITests.xctest */ = {isa = PBXFileReference; explicitFileType = wrapper.cfbundle; includeInIndex = 0; path = CoRunUITests.xctest; sourceTree = BUILT_PRODUCTS_DIR; };
		83F2C83829C30191004E3270 /* CoRunUITests.swift */ = {isa = PBXFileReference; lastKnownFileType = sourcecode.swift; path = CoRunUITests.swift; sourceTree = "<group>"; };
		83F2C83A29C30191004E3270 /* CoRunUITestsLaunchTests.swift */ = {isa = PBXFileReference; lastKnownFileType = sourcecode.swift; path = CoRunUITestsLaunchTests.swift; sourceTree = "<group>"; };
/* End PBXFileReference section */

/* Begin PBXFrameworksBuildPhase section */
		83F2C81229C30187004E3270 /* Frameworks */ = {
			isa = PBXFrameworksBuildPhase;
			buildActionMask = 2147483647;
			files = (
			);
			runOnlyForDeploymentPostprocessing = 0;
		};
		83F2C82729C30191004E3270 /* Frameworks */ = {
			isa = PBXFrameworksBuildPhase;
			buildActionMask = 2147483647;
			files = (
			);
			runOnlyForDeploymentPostprocessing = 0;
		};
		83F2C83129C30191004E3270 /* Frameworks */ = {
			isa = PBXFrameworksBuildPhase;
			buildActionMask = 2147483647;
			files = (
			);
			runOnlyForDeploymentPostprocessing = 0;
		};
/* End PBXFrameworksBuildPhase section */

/* Begin PBXGroup section */
		83F2C80C29C30187004E3270 = {
			isa = PBXGroup;
			children = (
				83F2C81729C30187004E3270 /* CoRun */,
				83F2C82D29C30191004E3270 /* CoRunTests */,
				83F2C83729C30191004E3270 /* CoRunUITests */,
				83F2C81629C30187004E3270 /* Products */,
			);
			sourceTree = "<group>";
		};
		83F2C81629C30187004E3270 /* Products */ = {
			isa = PBXGroup;
			children = (
				83F2C81529C30187004E3270 /* CoRun.app */,
				83F2C82A29C30191004E3270 /* CoRunTests.xctest */,
				83F2C83429C30191004E3270 /* CoRunUITests.xctest */,
			);
			name = Products;
			sourceTree = "<group>";
		};
		83F2C81729C30187004E3270 /* CoRun */ = {
			isa = PBXGroup;
			children = (
				83F2C81829C30187004E3270 /* CoRunApp.swift */,
				83F2C81A29C30187004E3270 /* ContentView.swift */,
				83F2C81C29C30190004E3270 /* Assets.xcassets */,
				83F2C82129C30190004E3270 /* Persistence.swift */,
				83F2C82329C30190004E3270 /* CoRun.xcdatamodeld */,
				83F2C81E29C30190004E3270 /* Preview Content */,
			);
			path = CoRun;
			sourceTree = "<group>";
		};
		83F2C81E29C30190004E3270 /* Preview Content */ = {
			isa = PBXGroup;
			children = (
				83F2C81F29C30190004E3270 /* Preview Assets.xcassets */,
			);
			path = "Preview Content";
			sourceTree = "<group>";
		};
		83F2C82D29C30191004E3270 /* CoRunTests */ = {
			isa = PBXGroup;
			children = (
				83F2C82E29C30191004E3270 /* CoRunTests.swift */,
			);
			path = CoRunTests;
			sourceTree = "<group>";
		};
		83F2C83729C30191004E3270 /* CoRunUITests */ = {
			isa = PBXGroup;
			children = (
				83F2C83829C30191004E3270 /* CoRunUITests.swift */,
				83F2C83A29C30191004E3270 /* CoRunUITestsLaunchTests.swift */,
			);
			path = CoRunUITests;
			sourceTree = "<group>";
		};
/* End PBXGroup section */

/* Begin PBXNativeTarget section */
		83F2C81429C30187004E3270 /* CoRun */ = {
			isa = PBXNativeTarget;
			buildConfigurationList = 83F2C83E29C30191004E3270 /* Build configuration list for PBXNativeTarget "CoRun" */;
			buildPhases = (
				83F2C81129C30187004E3270 /* Sources */,
				83F2C81229C30187004E3270 /* Frameworks */,
				83F2C81329C30187004E3270 /* Resources */,
			);
			buildRules = (
			);
			dependencies = (
			);
			name = CoRun;
			productName = CoRun;
			productReference = 83F2C81529C30187004E3270 /* CoRun.app */;
			productType = "com.apple.product-type.application";
		};
		83F2C82929C30191004E3270 /* CoRunTests */ = {
			isa = PBXNativeTarget;
			buildConfigurationList = 83F2C84129C30191004E3270 /* Build configuration list for PBXNativeTarget "CoRunTests" */;
			buildPhases = (
				83F2C82629C30191004E3270 /* Sources */,
				83F2C82729C30191004E3270 /* Frameworks */,
				83F2C82829C30191004E3270 /* Resources */,
			);
			buildRules = (
			);
			dependencies = (
				83F2C82C29C30191004E3270 /* PBXTargetDependency */,
			);
			name = CoRunTests;
			productName = CoRunTests;
			productReference = 83F2C82A29C30191004E3270 /* CoRunTests.xctest */;
			productType = "com.apple.product-type.bundle.unit-test";
		};
		83F2C83329C30191004E3270 /* CoRunUITests */ = {
			isa = PBXNativeTarget;
			buildConfigurationList = 83F2C84429C30191004E3270 /* Build configuration list for PBXNativeTarget "CoRunUITests" */;
			buildPhases = (
				83F2C83029C30191004E3270 /* Sources */,
				83F2C83129C30191004E3270 /* Frameworks */,
				83F2C83229C30191004E3270 /* Resources */,
			);
			buildRules = (
			);
			dependencies = (
				83F2C83629C30191004E3270 /* PBXTargetDependency */,
			);
			name = CoRunUITests;
			productName = CoRunUITests;
			productReference = 83F2C83429C30191004E3270 /* CoRunUITests.xctest */;
			productType = "com.apple.product-type.bundle.ui-testing";
		};
/* End PBXNativeTarget section */

/* Begin PBXProject section */
		83F2C80D29C30187004E3270 /* Project object */ = {
			isa = PBXProject;
			attributes = {
				BuildIndependentTargetsInParallel = 1;
				LastSwiftUpdateCheck = 1400;
				LastUpgradeCheck = 1400;
				TargetAttributes = {
					83F2C81429C30187004E3270 = {
						CreatedOnToolsVersion = 14.0.1;
					};
					83F2C82929C30191004E3270 = {
						CreatedOnToolsVersion = 14.0.1;
						TestTargetID = 83F2C81429C30187004E3270;
					};
					83F2C83329C30191004E3270 = {
						CreatedOnToolsVersion = 14.0.1;
						TestTargetID = 83F2C81429C30187004E3270;
					};
				};
			};
			buildConfigurationList = 83F2C81029C30187004E3270 /* Build configuration list for PBXProject "CoRun" */;
			compatibilityVersion = "Xcode 14.0";
			developmentRegion = en;
			hasScannedForEncodings = 0;
			knownRegions = (
				en,
				Base,
			);
			mainGroup = 83F2C80C29C30187004E3270;
			productRefGroup = 83F2C81629C30187004E3270 /* Products */;
			projectDirPath = "";
			projectRoot = "";
			targets = (
				83F2C81429C30187004E3270 /* CoRun */,
				83F2C82929C30191004E3270 /* CoRunTests */,
				83F2C83329C30191004E3270 /* CoRunUITests */,
			);
		};
/* End PBXProject section */

/* Begin PBXResourcesBuildPhase section */
		83F2C81329C30187004E3270 /* Resources */ = {
			isa = PBXResourcesBuildPhase;
			buildActionMask = 2147483647;
			files = (
				83F2C82029C30190004E3270 /* Preview Assets.xcassets in Resources */,
				83F2C81D29C30190004E3270 /* Assets.xcassets in Resources */,
			);
			runOnlyForDeploymentPostprocessing = 0;
		};
		83F2C82829C30191004E3270 /* Resources */ = {
			isa = PBXResourcesBuildPhase;
			buildActionMask = 2147483647;
			files = (
			);
			runOnlyForDeploymentPostprocessing = 0;
		};
		83F2C83229C30191004E3270 /* Resources */ = {
			isa = PBXResourcesBuildPhase;
			buildActionMask = 2147483647;
			files = (
			);
			runOnlyForDeploymentPostprocessing = 0;
		};
/* End PBXResourcesBuildPhase section */

/* Begin PBXSourcesBuildPhase section */
		83F2C81129C30187004E3270 /* Sources */ = {
			isa = PBXSourcesBuildPhase;
			buildActionMask = 2147483647;
			files = (
				83F2C82229C30190004E3270 /* Persistence.swift in Sources */,
				83F2C82529C30190004E3270 /* CoRun.xcdatamodeld in Sources */,
				83F2C81B29C30187004E3270 /* ContentView.swift in Sources */,
				83F2C81929C30187004E3270 /* CoRunApp.swift in Sources */,
			);
			runOnlyForDeploymentPostprocessing = 0;
		};
		83F2C82629C30191004E3270 /* Sources */ = {
			isa = PBXSourcesBuildPhase;
			buildActionMask = 2147483647;
			files = (
				83F2C82F29C30191004E3270 /* CoRunTests.swift in Sources */,
			);
			runOnlyForDeploymentPostprocessing = 0;
		};
		83F2C83029C30191004E3270 /* Sources */ = {
			isa = PBXSourcesBuildPhase;
			buildActionMask = 2147483647;
			files = (
				83F2C83B29C30191004E3270 /* CoRunUITestsLaunchTests.swift in Sources */,
				83F2C83929C30191004E3270 /* CoRunUITests.swift in Sources */,
			);
			runOnlyForDeploymentPostprocessing = 0;
		};
/* End PBXSourcesBuildPhase section */

/* Begin PBXTargetDependency section */
		83F2C82C29C30191004E3270 /* PBXTargetDependency */ = {
			isa = PBXTargetDependency;
			target = 83F2C81429C30187004E3270 /* CoRun */;
			targetProxy = 83F2C82B29C30191004E3270 /* PBXContainerItemProxy */;
		};
		83F2C83629C30191004E3270 /* PBXTargetDependency */ = {
			isa = PBXTargetDependency;
			target = 83F2C81429C30187004E3270 /* CoRun */;
			targetProxy = 83F2C83529C30191004E3270 /* PBXContainerItemProxy */;
		};
/* End PBXTargetDependency section */

/* Begin XCBuildConfiguration section */
		83F2C83C29C30191004E3270 /* Debug */ = {
			isa = XCBuildConfiguration;
			buildSettings = {
				ALWAYS_SEARCH_USER_PATHS = NO;
				CLANG_ANALYZER_NONNULL = YES;
				CLANG_ANALYZER_NUMBER_OBJECT_CONVERSION = YES_AGGRESSIVE;
				CLANG_CXX_LANGUAGE_STANDARD = "gnu++20";
				CLANG_ENABLE_MODULES = YES;
				CLANG_ENABLE_OBJC_ARC = YES;
				CLANG_ENABLE_OBJC_WEAK = YES;
				CLANG_WARN_BLOCK_CAPTURE_AUTORELEASING = YES;
				CLANG_WARN_BOOL_CONVERSION = YES;
				CLANG_WARN_COMMA = YES;
				CLANG_WARN_CONSTANT_CONVERSION = YES;
				CLANG_WARN_DEPRECATED_OBJC_IMPLEMENTATIONS = YES;
				CLANG_WARN_DIRECT_OBJC_ISA_USAGE = YES_ERROR;
				CLANG_WARN_DOCUMENTATION_COMMENTS = YES;
				CLANG_WARN_EMPTY_BODY = YES;
				CLANG_WARN_ENUM_CONVERSION = YES;
				CLANG_WARN_INFINITE_RECURSION = YES;
				CLANG_WARN_INT_CONVERSION = YES;
				CLANG_WARN_NON_LITERAL_NULL_CONVERSION = YES;
				CLANG_WARN_OBJC_IMPLICIT_RETAIN_SELF = YES;
				CLANG_WARN_OBJC_LITERAL_CONVERSION = YES;
				CLANG_WARN_OBJC_ROOT_CLASS = YES_ERROR;
				CLANG_WARN_QUOTED_INCLUDE_IN_FRAMEWORK_HEADER = YES;
				CLANG_WARN_RANGE_LOOP_ANALYSIS = YES;
				CLANG_WARN_STRICT_PROTOTYPES = YES;
				CLANG_WARN_SUSPICIOUS_MOVE = YES;
				CLANG_WARN_UNGUARDED_AVAILABILITY = YES_AGGRESSIVE;
				CLANG_WARN_UNREACHABLE_CODE = YES;
				CLANG_WARN__DUPLICATE_METHOD_MATCH = YES;
				COPY_PHASE_STRIP = NO;
				DEBUG_INFORMATION_FORMAT = dwarf;
				ENABLE_STRICT_OBJC_MSGSEND = YES;
				ENABLE_TESTABILITY = YES;
				GCC_C_LANGUAGE_STANDARD = gnu11;
				GCC_DYNAMIC_NO_PIC = NO;
				GCC_NO_COMMON_BLOCKS = YES;
				GCC_OPTIMIZATION_LEVEL = 0;
				GCC_PREPROCESSOR_DEFINITIONS = (
					"DEBUG=1",
					"$(inherited)",
				);
				GCC_WARN_64_TO_32_BIT_CONVERSION = YES;
				GCC_WARN_ABOUT_RETURN_TYPE = YES_ERROR;
				GCC_WARN_UNDECLARED_SELECTOR = YES;
				GCC_WARN_UNINITIALIZED_AUTOS = YES_AGGRESSIVE;
				GCC_WARN_UNUSED_FUNCTION = YES;
				GCC_WARN_UNUSED_VARIABLE = YES;
				IPHONEOS_DEPLOYMENT_TARGET = 16.0;
				MTL_ENABLE_DEBUG_INFO = INCLUDE_SOURCE;
				MTL_FAST_MATH = YES;
				ONLY_ACTIVE_ARCH = YES;
				SDKROOT = iphoneos;
				SWIFT_ACTIVE_COMPILATION_CONDITIONS = DEBUG;
				SWIFT_OPTIMIZATION_LEVEL = "-Onone";
			};
			name = Debug;
		};
		83F2C83D29C30191004E3270 /* Release */ = {
			isa = XCBuildConfiguration;
			buildSettings = {
				ALWAYS_SEARCH_USER_PATHS = NO;
				CLANG_ANALYZER_NONNULL = YES;
				CLANG_ANALYZER_NUMBER_OBJECT_CONVERSION = YES_AGGRESSIVE;
				CLANG_CXX_LANGUAGE_STANDARD = "gnu++20";
				CLANG_ENABLE_MODULES = YES;
				CLANG_ENABLE_OBJC_ARC = YES;
				CLANG_ENABLE_OBJC_WEAK = YES;
				CLANG_WARN_BLOCK_CAPTURE_AUTORELEASING = YES;
				CLANG_WARN_BOOL_CONVERSION = YES;
				CLANG_WARN_COMMA = YES;
				CLANG_WARN_CONSTANT_CONVERSION = YES;
				CLANG_WARN_DEPRECATED_OBJC_IMPLEMENTATIONS = YES;
				CLANG_WARN_DIRECT_OBJC_ISA_USAGE = YES_ERROR;
				CLANG_WARN_DOCUMENTATION_COMMENTS = YES;
				CLANG_WARN_EMPTY_BODY = YES;
				CLANG_WARN_ENUM_CONVERSION = YES;
				CLANG_WARN_INFINITE_RECURSION = YES;
				CLANG_WARN_INT_CONVERSION = YES;
				CLANG_WARN_NON_LITERAL_NULL_CONVERSION = YES;
				CLANG_WARN_OBJC_IMPLICIT_RETAIN_SELF = YES;
				CLANG_WARN_OBJC_LITERAL_CONVERSION = YES;
				CLANG_WARN_OBJC_ROOT_CLASS = YES_ERROR;
				CLANG_WARN_QUOTED_INCLUDE_IN_FRAMEWORK_HEADER = YES;
				CLANG_WARN_RANGE_LOOP_ANALYSIS = YES;
				CLANG_WARN_STRICT_PROTOTYPES = YES;
				CLANG_WARN_SUSPICIOUS_MOVE = YES;
				CLANG_WARN_UNGUARDED_AVAILABILITY = YES_AGGRESSIVE;
				CLANG_WARN_UNREACHABLE_CODE = YES;
				CLANG_WARN__DUPLICATE_METHOD_MATCH = YES;
				COPY_PHASE_STRIP = NO;
				DEBUG_INFORMATION_FORMAT = "dwarf-with-dsym";
				ENABLE_NS_ASSERTIONS = NO;
				ENABLE_STRICT_OBJC_MSGSEND = YES;
				GCC_C_LANGUAGE_STANDARD = gnu11;
				GCC_NO_COMMON_BLOCKS = YES;
				GCC_WARN_64_TO_32_BIT_CONVERSION = YES;
				GCC_WARN_ABOUT_RETURN_TYPE = YES_ERROR;
				GCC_WARN_UNDECLARED_SELECTOR = YES;
				GCC_WARN_UNINITIALIZED_AUTOS = YES_AGGRESSIVE;
				GCC_WARN_UNUSED_FUNCTION = YES;
				GCC_WARN_UNUSED_VARIABLE = YES;
				IPHONEOS_DEPLOYMENT_TARGET = 16.0;
				MTL_ENABLE_DEBUG_INFO = NO;
				MTL_FAST_MATH = YES;
				SDKROOT = iphoneos;
				SWIFT_COMPILATION_MODE = wholemodule;
				SWIFT_OPTIMIZATION_LEVEL = "-O";
				VALIDATE_PRODUCT = YES;
			};
			name = Release;
		};
		83F2C83F29C30191004E3270 /* Debug */ = {
			isa = XCBuildConfiguration;
			buildSettings = {
				ASSETCATALOG_COMPILER_APPICON_NAME = AppIcon;
				ASSETCATALOG_COMPILER_GLOBAL_ACCENT_COLOR_NAME = AccentColor;
				CODE_SIGN_STYLE = Automatic;
				CURRENT_PROJECT_VERSION = 1;
				DEVELOPMENT_ASSET_PATHS = "\"CoRun/Preview Content\"";
				DEVELOPMENT_TEAM = 3L5BWRLS6F;
				ENABLE_PREVIEWS = YES;
				GENERATE_INFOPLIST_FILE = YES;
				INFOPLIST_KEY_UIApplicationSceneManifest_Generation = YES;
				INFOPLIST_KEY_UIApplicationSupportsIndirectInputEvents = YES;
				INFOPLIST_KEY_UILaunchScreen_Generation = YES;
				INFOPLIST_KEY_UIStatusBarStyle = "";
				INFOPLIST_KEY_UISupportedInterfaceOrientations = "UIInterfaceOrientationPortrait UIInterfaceOrientationPortraitUpsideDown";
				LD_RUNPATH_SEARCH_PATHS = (
					"$(inherited)",
					"@executable_path/Frameworks",
				);
				MARKETING_VERSION = 1.0;
				PRODUCT_BUNDLE_IDENTIFIER = com.mricharx.ckdemo.CoRun;
				PRODUCT_NAME = "$(TARGET_NAME)";
				SUPPORTED_PLATFORMS = "iphoneos iphonesimulator";
				SUPPORTS_MACCATALYST = NO;
				SUPPORTS_MAC_DESIGNED_FOR_IPHONE_IPAD = NO;
				SWIFT_EMIT_LOC_STRINGS = YES;
				SWIFT_VERSION = 5.0;
				TARGETED_DEVICE_FAMILY = 1;
			};
			name = Debug;
		};
		83F2C84029C30191004E3270 /* Release */ = {
			isa = XCBuildConfiguration;
			buildSettings = {
				ASSETCATALOG_COMPILER_APPICON_NAME = AppIcon;
				ASSETCATALOG_COMPILER_GLOBAL_ACCENT_COLOR_NAME = AccentColor;
				CODE_SIGN_STYLE = Automatic;
				CURRENT_PROJECT_VERSION = 1;
				DEVELOPMENT_ASSET_PATHS = "\"CoRun/Preview Content\"";
				DEVELOPMENT_TEAM = 3L5BWRLS6F;
				ENABLE_PREVIEWS = YES;
				GENERATE_INFOPLIST_FILE = YES;
				INFOPLIST_KEY_UIApplicationSceneManifest_Generation = YES;
				INFOPLIST_KEY_UIApplicationSupportsIndirectInputEvents = YES;
				INFOPLIST_KEY_UILaunchScreen_Generation = YES;
				INFOPLIST_KEY_UIStatusBarStyle = "";
				INFOPLIST_KEY_UISupportedInterfaceOrientations = "UIInterfaceOrientationPortrait UIInterfaceOrientationPortraitUpsideDown";
				LD_RUNPATH_SEARCH_PATHS = (
					"$(inherited)",
					"@executable_path/Frameworks",
				);
				MARKETING_VERSION = 1.0;
				PRODUCT_BUNDLE_IDENTIFIER = com.mricharx.ckdemo.CoRun;
				PRODUCT_NAME = "$(TARGET_NAME)";
				SUPPORTED_PLATFORMS = "iphoneos iphonesimulator";
				SUPPORTS_MACCATALYST = NO;
				SUPPORTS_MAC_DESIGNED_FOR_IPHONE_IPAD = NO;
				SWIFT_EMIT_LOC_STRINGS = YES;
				SWIFT_VERSION = 5.0;
				TARGETED_DEVICE_FAMILY = 1;
			};
			name = Release;
		};
		83F2C84229C30191004E3270 /* Debug */ = {
			isa = XCBuildConfiguration;
			buildSettings = {
				ALWAYS_EMBED_SWIFT_STANDARD_LIBRARIES = YES;
				BUNDLE_LOADER = "$(TEST_HOST)";
				CODE_SIGN_STYLE = Automatic;
				CURRENT_PROJECT_VERSION = 1;
				DEVELOPMENT_TEAM = 3L5BWRLS6F;
				GENERATE_INFOPLIST_FILE = YES;
				IPHONEOS_DEPLOYMENT_TARGET = 16.0;
				MARKETING_VERSION = 1.0;
				PRODUCT_BUNDLE_IDENTIFIER = com.mricharx.ckdemo.CoRunTests;
				PRODUCT_NAME = "$(TARGET_NAME)";
				SWIFT_EMIT_LOC_STRINGS = NO;
				SWIFT_VERSION = 5.0;
				TARGETED_DEVICE_FAMILY = "1,2";
				TEST_HOST = "$(BUILT_PRODUCTS_DIR)/CoRun.app/$(BUNDLE_EXECUTABLE_FOLDER_PATH)/CoRun";
			};
			name = Debug;
		};
		83F2C84329C30191004E3270 /* Release */ = {
			isa = XCBuildConfiguration;
			buildSettings = {
				ALWAYS_EMBED_SWIFT_STANDARD_LIBRARIES = YES;
				BUNDLE_LOADER = "$(TEST_HOST)";
				CODE_SIGN_STYLE = Automatic;
				CURRENT_PROJECT_VERSION = 1;
				DEVELOPMENT_TEAM = 3L5BWRLS6F;
				GENERATE_INFOPLIST_FILE = YES;
				IPHONEOS_DEPLOYMENT_TARGET = 16.0;
				MARKETING_VERSION = 1.0;
				PRODUCT_BUNDLE_IDENTIFIER = com.mricharx.ckdemo.CoRunTests;
				PRODUCT_NAME = "$(TARGET_NAME)";
				SWIFT_EMIT_LOC_STRINGS = NO;
				SWIFT_VERSION = 5.0;
				TARGETED_DEVICE_FAMILY = "1,2";
				TEST_HOST = "$(BUILT_PRODUCTS_DIR)/CoRun.app/$(BUNDLE_EXECUTABLE_FOLDER_PATH)/CoRun";
			};
			name = Release;
		};
		83F2C84529C30191004E3270 /* Debug */ = {
			isa = XCBuildConfiguration;
			buildSettings = {
				ALWAYS_EMBED_SWIFT_STANDARD_LIBRARIES = YES;
				CODE_SIGN_STYLE = Automatic;
				CURRENT_PROJECT_VERSION = 1;
				DEVELOPMENT_TEAM = 3L5BWRLS6F;
				GENERATE_INFOPLIST_FILE = YES;
				MARKETING_VERSION = 1.0;
				PRODUCT_BUNDLE_IDENTIFIER = com.mricharx.ckdemo.CoRunUITests;
				PRODUCT_NAME = "$(TARGET_NAME)";
				SWIFT_EMIT_LOC_STRINGS = NO;
				SWIFT_VERSION = 5.0;
				TARGETED_DEVICE_FAMILY = "1,2";
				TEST_TARGET_NAME = CoRun;
			};
			name = Debug;
		};
		83F2C84629C30191004E3270 /* Release */ = {
			isa = XCBuildConfiguration;
			buildSettings = {
				ALWAYS_EMBED_SWIFT_STANDARD_LIBRARIES = YES;
				CODE_SIGN_STYLE = Automatic;
				CURRENT_PROJECT_VERSION = 1;
				DEVELOPMENT_TEAM = 3L5BWRLS6F;
				GENERATE_INFOPLIST_FILE = YES;
				MARKETING_VERSION = 1.0;
				PRODUCT_BUNDLE_IDENTIFIER = com.mricharx.ckdemo.CoRunUITests;
				PRODUCT_NAME = "$(TARGET_NAME)";
				SWIFT_EMIT_LOC_STRINGS = NO;
				SWIFT_VERSION = 5.0;
				TARGETED_DEVICE_FAMILY = "1,2";
				TEST_TARGET_NAME = CoRun;
			};
			name = Release;
		};
/* End XCBuildConfiguration section */

/* Begin XCConfigurationList section */
		83F2C81029C30187004E3270 /* Build configuration list for PBXProject "CoRun" */ = {
			isa = XCConfigurationList;
			buildConfigurations = (
				83F2C83C29C30191004E3270 /* Debug */,
				83F2C83D29C30191004E3270 /* Release */,
			);
			defaultConfigurationIsVisible = 0;
			defaultConfigurationName = Release;
		};
		83F2C83E29C30191004E3270 /* Build configuration list for PBXNativeTarget "CoRun" */ = {
			isa = XCConfigurationList;
			buildConfigurations = (
				83F2C83F29C30191004E3270 /* Debug */,
				83F2C84029C30191004E3270 /* Release */,
			);
			defaultConfigurationIsVisible = 0;
			defaultConfigurationName = Release;
		};
		83F2C84129C30191004E3270 /* Build configuration list for PBXNativeTarget "CoRunTests" */ = {
			isa = XCConfigurationList;
			buildConfigurations = (
				83F2C84229C30191004E3270 /* Debug */,
				83F2C84329C30191004E3270 /* Release */,
			);
			defaultConfigurationIsVisible = 0;
			defaultConfigurationName = Release;
		};
		83F2C84429C30191004E3270 /* Build configuration list for PBXNativeTarget "CoRunUITests" */ = {
			isa = XCConfigurationList;
			buildConfigurations = (
				83F2C84529C30191004E3270 /* Debug */,
				83F2C84629C30191004E3270 /* Release */,
			);
			defaultConfigurationIsVisible = 0;
			defaultConfigurationName = Release;
		};
/* End XCConfigurationList section */

/* Begin XCVersionGroup section */
		83F2C82329C30190004E3270 /* CoRun.xcdatamodeld */ = {
			isa = XCVersionGroup;
			children = (
				83F2C82429C30190004E3270 /* CoRun.xcdatamodel */,
			);
			currentVersion = 83F2C82429C30190004E3270 /* CoRun.xcdatamodel */;
			path = CoRun.xcdatamodeld;
			sourceTree = "<group>";
			versionGroupType = wrapper.xcdatamodel;
		};
/* End XCVersionGroup section */
	};
	rootObject = 83F2C80D29C30187004E3270 /* Project object */;
}
